Microsoft Visual Studio Solution File, Format Version 12.00
# Visual Studio 15
VisualStudioVersion = 15.0.27130.2036
MinimumVisualStudioVersion = 10.0.40219.1
Project("{2150E333-8FDC-42A3-9474-1A3956D46DE8}") = "WindowsApps", "WindowsApps", "{F1FB5D90-ACA0-4C8B-B992-4EA98C4D2D3D}"
EndProject
Project("{2150E333-8FDC-42A3-9474-1A3956D46DE8}") = "CommandLineApps", "CommandLineApps", "{3E25C16D-3345-4DDF-92A2-05EA11B6ACF8}"
EndProject
Project("{2150E333-8FDC-42A3-9474-1A3956D46DE8}") = "PaperSpecificApps", "PaperSpecificApps", "{D9C1991A-61CA-4622-A42F-E3993F01DC2C}"
EndProject
Project("{2150E333-8FDC-42A3-9474-1A3956D46DE8}") = "OutsidePackages", "OutsidePackages", "{618919F1-7FA3-4F2F-B417-5F48E4FB73F4}"
EndProject
Project("{2150E333-8FDC-42A3-9474-1A3956D46DE8}") = "PicesLibraries", "PicesLibraries", "{31A2FBD0-DAC2-4D9A-AD83-3DD46A9D2607}"
EndProject
Project("{2150E333-8FDC-42A3-9474-1A3956D46DE8}") = "PythonApplications", "PythonApplications", "{98338D51-6EF1-4773-AC9C-769C4A5F3BF8}"
EndProject
Project("{2150E333-8FDC-42A3-9474-1A3956D46DE8}") = "KSquareLibraries", "KSquareLibraries", "{D51C4B42-A831-4ADF-A395-BA2F32ABD3FA}"
EndProject
Project("{2150E333-8FDC-42A3-9474-1A3956D46DE8}") = "Tests", "Tests", "{3BDA18EB-8232-48C0-A250-33C4A7685127}"
EndProject
Project("{8BC9CEB8-8B4A-11D0-8D11-00A0C91BC942}") = "RandomizeData", "Apps\RandomizeData\RansomizeData.vcxproj", "{B7127119-A5BC-4BE7-8ED2-759EAFDF44EA}"
	ProjectSection(ProjectDependencies) = postProject
		{FA9C865E-0227-4EBC-A291-ED0F2453AFB3} = {FA9C865E-0227-4EBC-A291-ED0F2453AFB3}
		{D9BB6D83-937E-40FD-BFC3-FF48D8A04D11} = {D9BB6D83-937E-40FD-BFC3-FF48D8A04D11}
	EndProjectSection
EndProject
Project("{8BC9CEB8-8B4A-11D0-8D11-00A0C91BC942}") = "CrossValidation", "Apps\CrossValidation\CrossValidation.vcxproj", "{4D11DE83-281B-47DC-9CB6-EC7C5862E642}"
EndProject
Project("{8BC9CEB8-8B4A-11D0-8D11-00A0C91BC942}") = "ActiveLearningApp", "Apps\ActiveLearning\ActiveLearningApp.vcxproj", "{EE7FC981-3B57-4D03-AA26-1F321353F3F4}"
	ProjectSection(ProjectDependencies) = postProject
		{8F609A95-37BC-4E0F-8CD5-4196A86CD4B8} = {8F609A95-37BC-4E0F-8CD5-4196A86CD4B8}
	EndProjectSection
EndProject
Project("{8BC9CEB8-8B4A-11D0-8D11-00A0C91BC942}") = "GradeClassification", "Apps\GradeClassification\GradeClassification.vcxproj", "{05D6CF87-3C93-44FE-AD5C-4B37D34FC445}"
EndProject
Project("{8BC9CEB8-8B4A-11D0-8D11-00A0C91BC942}") = "PlotNonStreamingPlacement", "Apps\ActiveLearning\PlotNonStreamingPlacement.vcxproj", "{CA29337A-E9F1-40DB-B7E3-FC3B59441B3E}"
	ProjectSection(ProjectDependencies) = postProject
		{FA9C865E-0227-4EBC-A291-ED0F2453AFB3} = {FA9C865E-0227-4EBC-A291-ED0F2453AFB3}
	EndProjectSection
EndProject
Project("{8BC9CEB8-8B4A-11D0-8D11-00A0C91BC942}") = "DeleteDuplicateImages", "Apps\DeleteDuplicateImages\DeleteDuplicateImages.vcxproj", "{321CE48B-D9F0-4D4E-B8B4-96177FF9898D}"
EndProject
Project("{8BC9CEB8-8B4A-11D0-8D11-00A0C91BC942}") = "DumpSipper3InstrumentData", "Apps\DumpSipper3InstrumentData\DumpSipper3InstrumentData.vcxproj", "{EF12FE1A-5635-4793-ABAA-349B1842349B}"
EndProject
Project("{8BC9CEB8-8B4A-11D0-8D11-00A0C91BC942}") = "OurNeighbors", "Apps\OurNeighbors\OurNeighbors.vcxproj", "{5751D238-5DD2-4A1D-A183-8F667E260BB1}"
EndProject
Project("{8BC9CEB8-8B4A-11D0-8D11-00A0C91BC942}") = "RandomSearch", "Apps\RandomSearch\RandomSearch.vcxproj", "{F057D8ED-F0B8-45F9-84EE-C77518BB5444}"
	ProjectSection(ProjectDependencies) = postProject
		{FA9C865E-0227-4EBC-A291-ED0F2453AFB3} = {FA9C865E-0227-4EBC-A291-ED0F2453AFB3}
	EndProjectSection
EndProject
Project("{8BC9CEB8-8B4A-11D0-8D11-00A0C91BC942}") = "RandomNND", "Apps\RandomNND\RandomNND.vcxproj", "{A2F931F2-DFCD-4334-A2A9-83C9935C5F06}"
	ProjectSection(ProjectDependencies) = postProject
		{D9BB6D83-937E-40FD-BFC3-FF48D8A04D11} = {D9BB6D83-937E-40FD-BFC3-FF48D8A04D11}
	EndProjectSection
EndProject
Project("{8BC9CEB8-8B4A-11D0-8D11-00A0C91BC942}") = "RipOutClass", "Apps\RipOutClass\RipOutClass.vcxproj", "{82A041B1-A01D-4A8F-95FC-1BE2946DAFD7}"
EndProject
Project("{8BC9CEB8-8B4A-11D0-8D11-00A0C91BC942}") = "FeatureFileConverter", "Apps\FeatureFileConverter\FeatureFileConverter.vcxproj", "{F6345BDE-E90C-4887-8F65-5A09051BF394}"
EndProject
Project("{8BC9CEB8-8B4A-11D0-8D11-00A0C91BC942}") = "FeatureFileStats", "Apps\FeatureFileStats\FeatureFileStats.vcxproj", "{C481E4A1-ABCF-496C-861D-1449AFB99D01}"
EndProject
Project("{8BC9CEB8-8B4A-11D0-8D11-00A0C91BC942}") = "BitReductionPaper", "Apps\BitReductionPaper\BitReductionPaper.vcxproj", "{A1C57945-1C3E-4450-BC38-542CCE00DF09}"
	ProjectSection(ProjectDependencies) = postProject
		{FA9C865E-0227-4EBC-A291-ED0F2453AFB3} = {FA9C865E-0227-4EBC-A291-ED0F2453AFB3}
	EndProjectSection
EndProject
Project("{FAE04EC0-301F-11D3-BF4B-00C04F79EFBC}") = "SipperInterface", "Apps\SipperInterface\SipperInterface.csproj", "{E620FD29-FC27-42AD-9C75-1E5D2B81B1B7}"
EndProject
Project("{FAE04EC0-301F-11D3-BF4B-00C04F79EFBC}") = "SipperSimulator", "Apps\SipperSimulator\SipperSimulator.csproj", "{1F212FA2-25A4-49C7-BD6C-2614B4F49057}"
EndProject
Project("{FAE04EC0-301F-11D3-BF4B-00C04F79EFBC}") = "ChartControls", "Apps\ChartControls\ChartControls.csproj", "{37F16DB1-CF2E-4B70-893C-CD0C173DE7D2}"
EndProject
Project("{FAE04EC0-301F-11D3-BF4B-00C04F79EFBC}") = "SipperFileViewer", "Apps\SipperFileViewer\SipperFileViewer.csproj", "{B27629BC-30E1-4175-B5E2-54C5912E5C27}"
	ProjectSection(ProjectDependencies) = postProject
		{FA9C865E-0227-4EBC-A291-ED0F2453AFB3} = {FA9C865E-0227-4EBC-A291-ED0F2453AFB3}
		{37F16DB1-CF2E-4B70-893C-CD0C173DE7D2} = {37F16DB1-CF2E-4B70-893C-CD0C173DE7D2}
	EndProjectSection
EndProject
Project("{8BC9CEB8-8B4A-11D0-8D11-00A0C91BC942}") = "GrayImageExtraction", "Apps\GrayImageExtraction\GrayImageExtraction.vcxproj", "{BA2F3029-DF12-42C1-87A3-F13F218F8E10}"
	ProjectSection(ProjectDependencies) = postProject
		{B8045239-6597-4E1D-B535-A78DA68BA156} = {B8045239-6597-4E1D-B535-A78DA68BA156}
	EndProjectSection
EndProject
Project("{8BC9CEB8-8B4A-11D0-8D11-00A0C91BC942}") = "ImageExtractionWindows", "Apps\ImageExtractionWindows\ImageExtractionWindows.vcxproj", "{8AC8F19C-1A7B-4D88-91D1-7F5A46F6A64E}"
	ProjectSection(ProjectDependencies) = postProject
		{B8045239-6597-4E1D-B535-A78DA68BA156} = {B8045239-6597-4E1D-B535-A78DA68BA156}
		{8F609A95-37BC-4E0F-8CD5-4196A86CD4B8} = {8F609A95-37BC-4E0F-8CD5-4196A86CD4B8}
	EndProjectSection
EndProject
Project("{FAE04EC0-301F-11D3-BF4B-00C04F79EFBC}") = "SipperDiskManager", "Apps\SipperDiskManager\SipperDiskManager.csproj", "{5265900B-8CBD-4B08-A582-AF9AE7BD8663}"
	ProjectSection(ProjectDependencies) = postProject
		{24D8DD76-795E-4975-8297-BF1F5FBE5649} = {24D8DD76-795E-4975-8297-BF1F5FBE5649}
	EndProjectSection
EndProject
Project("{00D1A9C2-B5F0-4AF3-8072-F6C62B433612}") = "PicesDataBase", "PicesDataBase\PicesDataBase.sqlproj", "{172664FC-BF78-440A-A20E-3CCF13981497}"
EndProject
Project("{FAE04EC0-301F-11D3-BF4B-00C04F79EFBC}") = "GradeTrainingModel", "Apps\GradeTrainingModel\GradeTrainingModel.csproj", "{576C73FB-82E2-40D8-BA78-8395D232E273}"
EndProject
Project("{FAE04EC0-301F-11D3-BF4B-00C04F79EFBC}") = "PicesCommander", "Apps\PicesCommander\PicesCommander.csproj", "{BC5ACFBC-4E19-40EC-9223-0E920527008C}"
	ProjectSection(ProjectDependencies) = postProject
		{FA9C865E-0227-4EBC-A291-ED0F2453AFB3} = {FA9C865E-0227-4EBC-A291-ED0F2453AFB3}
		{D9BB6D83-937E-40FD-BFC3-FF48D8A04D11} = {D9BB6D83-937E-40FD-BFC3-FF48D8A04D11}
		{8F609A95-37BC-4E0F-8CD5-4196A86CD4B8} = {8F609A95-37BC-4E0F-8CD5-4196A86CD4B8}
		{662D4BB9-C075-465C-9CA6-A8231E221B70} = {662D4BB9-C075-465C-9CA6-A8231E221B70}
	EndProjectSection
EndProject
Project("{8BC9CEB8-8B4A-11D0-8D11-00A0C91BC942}") = "SpatialAnalysis", "Apps\SpatialAnalysis\SpatialAnalysis.vcxproj", "{F94CA108-45A1-4AA2-AB30-6E068612B24A}"
EndProject
Project("{8BC9CEB8-8B4A-11D0-8D11-00A0C91BC942}") = "MergeFeatureFiles", "Apps\MergeFeatureFiles\MergeFeatureFiles.vcxproj", "{93F81763-8E41-4271-86C6-91888DF91689}"
EndProject
Project("{8BC9CEB8-8B4A-11D0-8D11-00A0C91BC942}") = "FeatureSelection", "Apps\FeatureSelection\FeatureSelection.vcxproj", "{5D389A36-474A-4270-A479-3CE6C9C1DF10}"
EndProject
Project("{8BC9CEB8-8B4A-11D0-8D11-00A0C91BC942}") = "RandomSplits", "Apps\RandomSplits\RandomSplits.vcxproj", "{0C2C2008-A523-4965-8145-2C4D9C91C5B8}"
	ProjectSection(ProjectDependencies) = postProject
		{B8045239-6597-4E1D-B535-A78DA68BA156} = {B8045239-6597-4E1D-B535-A78DA68BA156}
		{FA9C865E-0227-4EBC-A291-ED0F2453AFB3} = {FA9C865E-0227-4EBC-A291-ED0F2453AFB3}
		{EDA94C7F-B7B2-48DC-833D-A4948F00A7A2} = {EDA94C7F-B7B2-48DC-833D-A4948F00A7A2}
		{D9BB6D83-937E-40FD-BFC3-FF48D8A04D11} = {D9BB6D83-937E-40FD-BFC3-FF48D8A04D11}
		{5B5EC7AE-BB81-4032-B510-3693221BC716} = {5B5EC7AE-BB81-4032-B510-3693221BC716}
	EndProjectSection
EndProject
Project("{8BC9CEB8-8B4A-11D0-8D11-00A0C91BC942}") = "ExtractAllSipperFiles", "Apps\ExtractAllSipperFiles\ExtractAllSipperFiles.vcxproj", "{75C94189-0088-4A4C-87F2-BF1DAB3CC9ED}"
EndProject
Project("{8BC9CEB8-8B4A-11D0-8D11-00A0C91BC942}") = "ExtractFeatures", "Apps\FeatureCalculation\ExtractFeatures.vcxproj", "{5151420B-8CA9-41D5-BDE9-71FBFDCCC50B}"
EndProject
Project("{8BC9CEB8-8B4A-11D0-8D11-00A0C91BC942}") = "ReFreshInstrumentData", "Apps\ReFreshInstrumentData\ReFreshInstrumentData.vcxproj", "{0FE470F4-FC1C-4362-B726-D287C5D357D3}"
	ProjectSection(ProjectDependencies) = postProject
		{B8045239-6597-4E1D-B535-A78DA68BA156} = {B8045239-6597-4E1D-B535-A78DA68BA156}
		{D9BB6D83-937E-40FD-BFC3-FF48D8A04D11} = {D9BB6D83-937E-40FD-BFC3-FF48D8A04D11}
	EndProjectSection
EndProject
Project("{8BC9CEB8-8B4A-11D0-8D11-00A0C91BC942}") = "ImportFullSizeFromSqlBackUp", "Apps\ImportFullSizeFromSqlBackUp\ImportFullSizeFromSqlBackUp.vcxproj", "{96ED155F-42EF-47C5-9C30-0C9E6ECBBB69}"
EndProject
Project("{8BC9CEB8-8B4A-11D0-8D11-00A0C91BC942}") = "AbundanceCorrectionStatsBuilder", "Apps\AbundanceCorrectionStatsBuilder\AbundanceCorrectionStatsBuilder.vcxproj", "{152FC061-8649-46C9-8046-B387F7D73466}"
EndProject
Project("{8BC9CEB8-8B4A-11D0-8D11-00A0C91BC942}") = "FullSizeImagesInstall", "Apps\FullSizeImagesInstall\FullSizeImagesInstall.vcxproj", "{5783B6FD-AEF9-4A27-B9EA-0C4EED9B13FB}"
EndProject
Project("{FAE04EC0-301F-11D3-BF4B-00C04F79EFBC}") = "FlatFieldSipper4Image", "Apps\FlatFieldSipper4Image\FlatFieldSipper4Image.csproj", "{2345887A-3706-4478-808B-223E4C170114}"
EndProject
Project("{8BC9CEB8-8B4A-11D0-8D11-00A0C91BC942}") = "ClassCountSearch", "Apps\ClassCountSearch\ClassCountSearch.vcxproj", "{9FB13B65-5BFE-4635-88D0-5C04B8CC877F}"
EndProject
Project("{8BC9CEB8-8B4A-11D0-8D11-00A0C91BC942}") = "MarineSnowReport", "Apps\MarineSnowReport\MarineSnowReport.vcxproj", "{164F0F5D-7B8E-44CF-965E-DD18D5273BBB}"
EndProject
Project("{8BC9CEB8-8B4A-11D0-8D11-00A0C91BC942}") = "PicesLibrary", "PicesLibraries\PicesLibrary\PicesLibrary.vcxproj", "{FA9C865E-0227-4EBC-A291-ED0F2453AFB3}"
	ProjectSection(ProjectDependencies) = postProject
		{EDA94C7F-B7B2-48DC-833D-A4948F00A7A2} = {EDA94C7F-B7B2-48DC-833D-A4948F00A7A2}
		{D9BB6D83-937E-40FD-BFC3-FF48D8A04D11} = {D9BB6D83-937E-40FD-BFC3-FF48D8A04D11}
	EndProjectSection
EndProject
Project("{FAE04EC0-301F-11D3-BF4B-00C04F79EFBC}") = "SipperFile", "PicesLibraries\SipperFile\SipperFile.csproj", "{662D4BB9-C075-465C-9CA6-A8231E221B70}"
	ProjectSection(ProjectDependencies) = postProject
		{8F609A95-37BC-4E0F-8CD5-4196A86CD4B8} = {8F609A95-37BC-4E0F-8CD5-4196A86CD4B8}
	EndProjectSection
EndProject
Project("{8BC9CEB8-8B4A-11D0-8D11-00A0C91BC942}") = "ImageExtractionManager", "PicesLibraries\ImageExtractionManager\ImageExtractionManager.vcxproj", "{66EF90F3-D4AC-4750-B715-4AD9599BD012}"
	ProjectSection(ProjectDependencies) = postProject
		{EDA94C7F-B7B2-48DC-833D-A4948F00A7A2} = {EDA94C7F-B7B2-48DC-833D-A4948F00A7A2}
	EndProjectSection
EndProject
Project("{FAE04EC0-301F-11D3-BF4B-00C04F79EFBC}") = "SipperDiskUtilities", "PicesLibraries\SipperDiskUtilities\SipperDiskUtilities.csproj", "{24D8DD76-795E-4975-8297-BF1F5FBE5649}"
EndProject
Project("{8BC9CEB8-8B4A-11D0-8D11-00A0C91BC942}") = "DefaultUnManagedApplication", "Apps\DefaultUnManagedApplication\DefaultUnManagedApplication.vcxproj", "{FC3EBDE9-7D0F-4D16-B833-38C47FB0727D}"
EndProject
Project("{8BC9CEB8-8B4A-11D0-8D11-00A0C91BC942}") = "ImportGPSData", "Apps\ImportGPSData\ImportGPSData.vcxproj", "{9A814312-7EB9-4A1C-BDBD-187F45A57EB1}"
EndProject
Project("{8BC9CEB8-8B4A-11D0-8D11-00A0C91BC942}") = "PicesInterface", "PicesLibraries\PicesInterface\PicesInterface.vcxproj", "{8F609A95-37BC-4E0F-8CD5-4196A86CD4B8}"
	ProjectSection(ProjectDependencies) = postProject
		{B8045239-6597-4E1D-B535-A78DA68BA156} = {B8045239-6597-4E1D-B535-A78DA68BA156}
		{FA9C865E-0227-4EBC-A291-ED0F2453AFB3} = {FA9C865E-0227-4EBC-A291-ED0F2453AFB3}
		{EDA94C7F-B7B2-48DC-833D-A4948F00A7A2} = {EDA94C7F-B7B2-48DC-833D-A4948F00A7A2}
	EndProjectSection
EndProject
Project("{888888A0-9F3D-457C-B088-3A5042F75D52}") = "ImportGPS", "PythonApplications\ImportGPS\ImportGPS.pyproj", "{3CCB1699-3233-427A-95F1-4119B5C62820}"
EndProject
Project("{8BC9CEB8-8B4A-11D0-8D11-00A0C91BC942}") = "KKBase", "..\KSquareLibraries\KKBase\KKBase.vcxproj", "{D9BB6D83-937E-40FD-BFC3-FF48D8A04D11}"
	ProjectSection(ProjectDependencies) = postProject
		{5B5EC7AE-BB81-4032-B510-3693221BC716} = {5B5EC7AE-BB81-4032-B510-3693221BC716}
	EndProjectSection
EndProject
Project("{8BC9CEB8-8B4A-11D0-8D11-00A0C91BC942}") = "KKMachineLearning", "..\KSquareLibraries\KKMachineLearning\KKMachineLearning.vcxproj", "{EDA94C7F-B7B2-48DC-833D-A4948F00A7A2}"
	ProjectSection(ProjectDependencies) = postProject
		{D9BB6D83-937E-40FD-BFC3-FF48D8A04D11} = {D9BB6D83-937E-40FD-BFC3-FF48D8A04D11}
	EndProjectSection
EndProject
Project("{8BC9CEB8-8B4A-11D0-8D11-00A0C91BC942}") = "KKJobManager", "..\KSquareLibraries\JobManager\KKJobManager.vcxproj", "{B8045239-6597-4E1D-B535-A78DA68BA156}"
EndProject
Project("{8BC9CEB8-8B4A-11D0-8D11-00A0C91BC942}") = "ImageDimensionComputations", "Apps\ImageDimensionComputations\ImageDimensionComputations.vcxproj", "{5E4CC85D-7B10-4AD8-A7D0-F5FD08732D14}"
	ProjectSection(ProjectDependencies) = postProject
		{FA9C865E-0227-4EBC-A291-ED0F2453AFB3} = {FA9C865E-0227-4EBC-A291-ED0F2453AFB3}
		{EDA94C7F-B7B2-48DC-833D-A4948F00A7A2} = {EDA94C7F-B7B2-48DC-833D-A4948F00A7A2}
		{D9BB6D83-937E-40FD-BFC3-FF48D8A04D11} = {D9BB6D83-937E-40FD-BFC3-FF48D8A04D11}
	EndProjectSection
EndProject
Project("{8BC9CEB8-8B4A-11D0-8D11-00A0C91BC942}") = "ComputeMinMaxAxises", "Apps\ComputeMinMaxAxises\ComputeMinMaxAxises.vcxproj", "{BA9A6F2C-8AB1-4849-A58F-580156B777DC}"
	ProjectSection(ProjectDependencies) = postProject
		{FA9C865E-0227-4EBC-A291-ED0F2453AFB3} = {FA9C865E-0227-4EBC-A291-ED0F2453AFB3}
		{EDA94C7F-B7B2-48DC-833D-A4948F00A7A2} = {EDA94C7F-B7B2-48DC-833D-A4948F00A7A2}
		{D9BB6D83-937E-40FD-BFC3-FF48D8A04D11} = {D9BB6D83-937E-40FD-BFC3-FF48D8A04D11}
	EndProjectSection
EndProject
Project("{8BC9CEB8-8B4A-11D0-8D11-00A0C91BC942}") = "zlib-1.2.11", "..\OutsidePackages\zlib-1.2.11\zlib-1.2.11.vcxproj", "{5B5EC7AE-BB81-4032-B510-3693221BC716}"
EndProject
Project("{8BC9CEB8-8B4A-11D0-8D11-00A0C91BC942}") = "BuildSynthObjDetData", "Apps\BuildSynthObjDetData\BuildSynthObjDetData.vcxproj", "{B56C5D7D-3AE1-4BF2-AF87-DAA09E62C70E}"
EndProject
Project("{8BC9CEB8-8B4A-11D0-8D11-00A0C91BC942}") = "KKBaseTests", "..\KSquareLibraries\Tests\KKBaseTests\KKBaseTests.vcxproj", "{7CD8F942-6C80-4E59-8F6D-006EEF322374}"
EndProject
Global
	GlobalSection(SolutionConfigurationPlatforms) = preSolution
		Debug|x64 = Debug|x64
		Debug|x86 = Debug|x86
		Release|x64 = Release|x64
		Release|x86 = Release|x86
	EndGlobalSection
	GlobalSection(ProjectConfigurationPlatforms) = postSolution
		{B7127119-A5BC-4BE7-8ED2-759EAFDF44EA}.Debug|x64.ActiveCfg = Debug|x64
		{B7127119-A5BC-4BE7-8ED2-759EAFDF44EA}.Debug|x64.Build.0 = Debug|x64
		{B7127119-A5BC-4BE7-8ED2-759EAFDF44EA}.Debug|x86.ActiveCfg = Debug|x64
		{B7127119-A5BC-4BE7-8ED2-759EAFDF44EA}.Release|x64.ActiveCfg = Release|x64
		{B7127119-A5BC-4BE7-8ED2-759EAFDF44EA}.Release|x64.Build.0 = Release|x64
		{B7127119-A5BC-4BE7-8ED2-759EAFDF44EA}.Release|x86.ActiveCfg = Release|x64
		{4D11DE83-281B-47DC-9CB6-EC7C5862E642}.Debug|x64.ActiveCfg = Debug|x64
		{4D11DE83-281B-47DC-9CB6-EC7C5862E642}.Debug|x64.Build.0 = Debug|x64
		{4D11DE83-281B-47DC-9CB6-EC7C5862E642}.Debug|x86.ActiveCfg = Debug|x64
		{4D11DE83-281B-47DC-9CB6-EC7C5862E642}.Release|x64.ActiveCfg = Release|x64
		{4D11DE83-281B-47DC-9CB6-EC7C5862E642}.Release|x64.Build.0 = Release|x64
		{4D11DE83-281B-47DC-9CB6-EC7C5862E642}.Release|x86.ActiveCfg = Release|x64
		{EE7FC981-3B57-4D03-AA26-1F321353F3F4}.Debug|x64.ActiveCfg = Debug|x64
		{EE7FC981-3B57-4D03-AA26-1F321353F3F4}.Debug|x64.Build.0 = Debug|x64
		{EE7FC981-3B57-4D03-AA26-1F321353F3F4}.Debug|x86.ActiveCfg = Debug|Win32
		{EE7FC981-3B57-4D03-AA26-1F321353F3F4}.Debug|x86.Build.0 = Debug|Win32
		{EE7FC981-3B57-4D03-AA26-1F321353F3F4}.Release|x64.ActiveCfg = Release|x64
		{EE7FC981-3B57-4D03-AA26-1F321353F3F4}.Release|x64.Build.0 = Release|x64
		{EE7FC981-3B57-4D03-AA26-1F321353F3F4}.Release|x86.ActiveCfg = Release|Win32
		{EE7FC981-3B57-4D03-AA26-1F321353F3F4}.Release|x86.Build.0 = Release|Win32
		{05D6CF87-3C93-44FE-AD5C-4B37D34FC445}.Debug|x64.ActiveCfg = Debug|x64
		{05D6CF87-3C93-44FE-AD5C-4B37D34FC445}.Debug|x64.Build.0 = Debug|x64
		{05D6CF87-3C93-44FE-AD5C-4B37D34FC445}.Debug|x86.ActiveCfg = Debug|Win32
		{05D6CF87-3C93-44FE-AD5C-4B37D34FC445}.Debug|x86.Build.0 = Debug|Win32
		{05D6CF87-3C93-44FE-AD5C-4B37D34FC445}.Release|x64.ActiveCfg = Release|x64
		{05D6CF87-3C93-44FE-AD5C-4B37D34FC445}.Release|x64.Build.0 = Release|x64
		{05D6CF87-3C93-44FE-AD5C-4B37D34FC445}.Release|x86.ActiveCfg = Release|Win32
		{05D6CF87-3C93-44FE-AD5C-4B37D34FC445}.Release|x86.Build.0 = Release|Win32
		{CA29337A-E9F1-40DB-B7E3-FC3B59441B3E}.Debug|x64.ActiveCfg = Debug|x64
		{CA29337A-E9F1-40DB-B7E3-FC3B59441B3E}.Debug|x64.Build.0 = Debug|x64
		{CA29337A-E9F1-40DB-B7E3-FC3B59441B3E}.Debug|x86.ActiveCfg = Debug|x64
		{CA29337A-E9F1-40DB-B7E3-FC3B59441B3E}.Release|x64.ActiveCfg = Debug|x64
		{CA29337A-E9F1-40DB-B7E3-FC3B59441B3E}.Release|x64.Build.0 = Debug|x64
		{CA29337A-E9F1-40DB-B7E3-FC3B59441B3E}.Release|x86.ActiveCfg = Release|x64
		{321CE48B-D9F0-4D4E-B8B4-96177FF9898D}.Debug|x64.ActiveCfg = Debug|x64
		{321CE48B-D9F0-4D4E-B8B4-96177FF9898D}.Debug|x64.Build.0 = Debug|x64
		{321CE48B-D9F0-4D4E-B8B4-96177FF9898D}.Debug|x86.ActiveCfg = Debug|Win32
		{321CE48B-D9F0-4D4E-B8B4-96177FF9898D}.Debug|x86.Build.0 = Debug|Win32
		{321CE48B-D9F0-4D4E-B8B4-96177FF9898D}.Release|x64.ActiveCfg = Release|x64
		{321CE48B-D9F0-4D4E-B8B4-96177FF9898D}.Release|x64.Build.0 = Release|x64
		{321CE48B-D9F0-4D4E-B8B4-96177FF9898D}.Release|x86.ActiveCfg = Release|Win32
		{321CE48B-D9F0-4D4E-B8B4-96177FF9898D}.Release|x86.Build.0 = Release|Win32
		{EF12FE1A-5635-4793-ABAA-349B1842349B}.Debug|x64.ActiveCfg = Debug|x64
		{EF12FE1A-5635-4793-ABAA-349B1842349B}.Debug|x64.Build.0 = Debug|x64
		{EF12FE1A-5635-4793-ABAA-349B1842349B}.Debug|x86.ActiveCfg = Debug|Win32
		{EF12FE1A-5635-4793-ABAA-349B1842349B}.Debug|x86.Build.0 = Debug|Win32
		{EF12FE1A-5635-4793-ABAA-349B1842349B}.Release|x64.ActiveCfg = Release|x64
		{EF12FE1A-5635-4793-ABAA-349B1842349B}.Release|x64.Build.0 = Release|x64
		{EF12FE1A-5635-4793-ABAA-349B1842349B}.Release|x86.ActiveCfg = Release|Win32
		{EF12FE1A-5635-4793-ABAA-349B1842349B}.Release|x86.Build.0 = Release|Win32
		{5751D238-5DD2-4A1D-A183-8F667E260BB1}.Debug|x64.ActiveCfg = Debug|x64
		{5751D238-5DD2-4A1D-A183-8F667E260BB1}.Debug|x64.Build.0 = Debug|x64
		{5751D238-5DD2-4A1D-A183-8F667E260BB1}.Debug|x86.ActiveCfg = Debug|Win32
		{5751D238-5DD2-4A1D-A183-8F667E260BB1}.Debug|x86.Build.0 = Debug|Win32
		{5751D238-5DD2-4A1D-A183-8F667E260BB1}.Release|x64.ActiveCfg = Release|x64
		{5751D238-5DD2-4A1D-A183-8F667E260BB1}.Release|x64.Build.0 = Release|x64
		{5751D238-5DD2-4A1D-A183-8F667E260BB1}.Release|x86.ActiveCfg = Release|Win32
		{5751D238-5DD2-4A1D-A183-8F667E260BB1}.Release|x86.Build.0 = Release|Win32
		{F057D8ED-F0B8-45F9-84EE-C77518BB5444}.Debug|x64.ActiveCfg = Debug|x64
		{F057D8ED-F0B8-45F9-84EE-C77518BB5444}.Debug|x86.ActiveCfg = Debug|x64
		{F057D8ED-F0B8-45F9-84EE-C77518BB5444}.Release|x64.ActiveCfg = Release|x64
		{F057D8ED-F0B8-45F9-84EE-C77518BB5444}.Release|x86.ActiveCfg = Release|x64
		{A2F931F2-DFCD-4334-A2A9-83C9935C5F06}.Debug|x64.ActiveCfg = Debug|x64
		{A2F931F2-DFCD-4334-A2A9-83C9935C5F06}.Debug|x64.Build.0 = Debug|x64
		{A2F931F2-DFCD-4334-A2A9-83C9935C5F06}.Debug|x86.ActiveCfg = Debug|Win32
		{A2F931F2-DFCD-4334-A2A9-83C9935C5F06}.Debug|x86.Build.0 = Debug|Win32
		{A2F931F2-DFCD-4334-A2A9-83C9935C5F06}.Release|x64.ActiveCfg = Release|x64
		{A2F931F2-DFCD-4334-A2A9-83C9935C5F06}.Release|x64.Build.0 = Release|x64
		{A2F931F2-DFCD-4334-A2A9-83C9935C5F06}.Release|x86.ActiveCfg = Release|Win32
		{A2F931F2-DFCD-4334-A2A9-83C9935C5F06}.Release|x86.Build.0 = Release|Win32
		{82A041B1-A01D-4A8F-95FC-1BE2946DAFD7}.Debug|x64.ActiveCfg = Debug|x64
		{82A041B1-A01D-4A8F-95FC-1BE2946DAFD7}.Debug|x64.Build.0 = Debug|x64
		{82A041B1-A01D-4A8F-95FC-1BE2946DAFD7}.Debug|x86.ActiveCfg = Debug|Win32
		{82A041B1-A01D-4A8F-95FC-1BE2946DAFD7}.Debug|x86.Build.0 = Debug|Win32
		{82A041B1-A01D-4A8F-95FC-1BE2946DAFD7}.Release|x64.ActiveCfg = Release|x64
		{82A041B1-A01D-4A8F-95FC-1BE2946DAFD7}.Release|x64.Build.0 = Release|x64
		{82A041B1-A01D-4A8F-95FC-1BE2946DAFD7}.Release|x86.ActiveCfg = Release|Win32
		{82A041B1-A01D-4A8F-95FC-1BE2946DAFD7}.Release|x86.Build.0 = Release|Win32
		{F6345BDE-E90C-4887-8F65-5A09051BF394}.Debug|x64.ActiveCfg = Debug|x64
		{F6345BDE-E90C-4887-8F65-5A09051BF394}.Debug|x64.Build.0 = Debug|x64
		{F6345BDE-E90C-4887-8F65-5A09051BF394}.Debug|x86.ActiveCfg = Debug|Win32
		{F6345BDE-E90C-4887-8F65-5A09051BF394}.Debug|x86.Build.0 = Debug|Win32
		{F6345BDE-E90C-4887-8F65-5A09051BF394}.Release|x64.ActiveCfg = Release|x64
		{F6345BDE-E90C-4887-8F65-5A09051BF394}.Release|x64.Build.0 = Release|x64
		{F6345BDE-E90C-4887-8F65-5A09051BF394}.Release|x86.ActiveCfg = Release|Win32
		{F6345BDE-E90C-4887-8F65-5A09051BF394}.Release|x86.Build.0 = Release|Win32
		{C481E4A1-ABCF-496C-861D-1449AFB99D01}.Debug|x64.ActiveCfg = Debug|x64
		{C481E4A1-ABCF-496C-861D-1449AFB99D01}.Debug|x64.Build.0 = Debug|x64
		{C481E4A1-ABCF-496C-861D-1449AFB99D01}.Debug|x86.ActiveCfg = Debug|Win32
		{C481E4A1-ABCF-496C-861D-1449AFB99D01}.Debug|x86.Build.0 = Debug|Win32
		{C481E4A1-ABCF-496C-861D-1449AFB99D01}.Release|x64.ActiveCfg = Release|x64
		{C481E4A1-ABCF-496C-861D-1449AFB99D01}.Release|x64.Build.0 = Release|x64
		{C481E4A1-ABCF-496C-861D-1449AFB99D01}.Release|x86.ActiveCfg = Release|Win32
		{C481E4A1-ABCF-496C-861D-1449AFB99D01}.Release|x86.Build.0 = Release|Win32
		{A1C57945-1C3E-4450-BC38-542CCE00DF09}.Debug|x64.ActiveCfg = Debug|x64
		{A1C57945-1C3E-4450-BC38-542CCE00DF09}.Debug|x86.ActiveCfg = Debug|Win32
		{A1C57945-1C3E-4450-BC38-542CCE00DF09}.Debug|x86.Build.0 = Debug|Win32
		{A1C57945-1C3E-4450-BC38-542CCE00DF09}.Release|x64.ActiveCfg = Release|x64
		{A1C57945-1C3E-4450-BC38-542CCE00DF09}.Release|x86.ActiveCfg = Release|Win32
		{A1C57945-1C3E-4450-BC38-542CCE00DF09}.Release|x86.Build.0 = Release|Win32
		{E620FD29-FC27-42AD-9C75-1E5D2B81B1B7}.Debug|x64.ActiveCfg = Debug|x64
		{E620FD29-FC27-42AD-9C75-1E5D2B81B1B7}.Debug|x64.Build.0 = Debug|x64
		{E620FD29-FC27-42AD-9C75-1E5D2B81B1B7}.Debug|x86.ActiveCfg = Debug|Any CPU
		{E620FD29-FC27-42AD-9C75-1E5D2B81B1B7}.Debug|x86.Build.0 = Debug|Any CPU
		{E620FD29-FC27-42AD-9C75-1E5D2B81B1B7}.Release|x64.ActiveCfg = Release|x64
		{E620FD29-FC27-42AD-9C75-1E5D2B81B1B7}.Release|x64.Build.0 = Release|x64
		{E620FD29-FC27-42AD-9C75-1E5D2B81B1B7}.Release|x86.ActiveCfg = Release|Any CPU
		{E620FD29-FC27-42AD-9C75-1E5D2B81B1B7}.Release|x86.Build.0 = Release|Any CPU
		{1F212FA2-25A4-49C7-BD6C-2614B4F49057}.Debug|x64.ActiveCfg = Debug|x64
		{1F212FA2-25A4-49C7-BD6C-2614B4F49057}.Debug|x64.Build.0 = Debug|x64
		{1F212FA2-25A4-49C7-BD6C-2614B4F49057}.Debug|x86.ActiveCfg = Debug|Any CPU
		{1F212FA2-25A4-49C7-BD6C-2614B4F49057}.Debug|x86.Build.0 = Debug|Any CPU
		{1F212FA2-25A4-49C7-BD6C-2614B4F49057}.Release|x64.ActiveCfg = Release|x64
		{1F212FA2-25A4-49C7-BD6C-2614B4F49057}.Release|x64.Build.0 = Release|x64
		{1F212FA2-25A4-49C7-BD6C-2614B4F49057}.Release|x86.ActiveCfg = Release|Any CPU
		{1F212FA2-25A4-49C7-BD6C-2614B4F49057}.Release|x86.Build.0 = Release|Any CPU
		{37F16DB1-CF2E-4B70-893C-CD0C173DE7D2}.Debug|x64.ActiveCfg = Debug|x64
		{37F16DB1-CF2E-4B70-893C-CD0C173DE7D2}.Debug|x64.Build.0 = Debug|x64
		{37F16DB1-CF2E-4B70-893C-CD0C173DE7D2}.Debug|x86.ActiveCfg = Debug|Any CPU
		{37F16DB1-CF2E-4B70-893C-CD0C173DE7D2}.Debug|x86.Build.0 = Debug|Any CPU
		{37F16DB1-CF2E-4B70-893C-CD0C173DE7D2}.Release|x64.ActiveCfg = Release|x64
		{37F16DB1-CF2E-4B70-893C-CD0C173DE7D2}.Release|x64.Build.0 = Release|x64
		{37F16DB1-CF2E-4B70-893C-CD0C173DE7D2}.Release|x86.ActiveCfg = Release|Any CPU
		{37F16DB1-CF2E-4B70-893C-CD0C173DE7D2}.Release|x86.Build.0 = Release|Any CPU
		{B27629BC-30E1-4175-B5E2-54C5912E5C27}.Debug|x64.ActiveCfg = Debug|x64
		{B27629BC-30E1-4175-B5E2-54C5912E5C27}.Debug|x64.Build.0 = Debug|x64
		{B27629BC-30E1-4175-B5E2-54C5912E5C27}.Debug|x86.ActiveCfg = Debug|Any CPU
		{B27629BC-30E1-4175-B5E2-54C5912E5C27}.Debug|x86.Build.0 = Debug|Any CPU
		{B27629BC-30E1-4175-B5E2-54C5912E5C27}.Release|x64.ActiveCfg = Release|x64
		{B27629BC-30E1-4175-B5E2-54C5912E5C27}.Release|x64.Build.0 = Release|x64
		{B27629BC-30E1-4175-B5E2-54C5912E5C27}.Release|x86.ActiveCfg = Release|Any CPU
		{B27629BC-30E1-4175-B5E2-54C5912E5C27}.Release|x86.Build.0 = Release|Any CPU
		{BA2F3029-DF12-42C1-87A3-F13F218F8E10}.Debug|x64.ActiveCfg = Debug|x64
		{BA2F3029-DF12-42C1-87A3-F13F218F8E10}.Debug|x64.Build.0 = Debug|x64
		{BA2F3029-DF12-42C1-87A3-F13F218F8E10}.Debug|x86.ActiveCfg = Debug|x64
		{BA2F3029-DF12-42C1-87A3-F13F218F8E10}.Release|x64.ActiveCfg = Release|x64
		{BA2F3029-DF12-42C1-87A3-F13F218F8E10}.Release|x64.Build.0 = Release|x64
		{BA2F3029-DF12-42C1-87A3-F13F218F8E10}.Release|x86.ActiveCfg = Release|x64
		{8AC8F19C-1A7B-4D88-91D1-7F5A46F6A64E}.Debug|x64.ActiveCfg = Debug|x64
		{8AC8F19C-1A7B-4D88-91D1-7F5A46F6A64E}.Debug|x64.Build.0 = Debug|x64
		{8AC8F19C-1A7B-4D88-91D1-7F5A46F6A64E}.Debug|x86.ActiveCfg = Debug|x64
		{8AC8F19C-1A7B-4D88-91D1-7F5A46F6A64E}.Release|x64.ActiveCfg = Release|x64
		{8AC8F19C-1A7B-4D88-91D1-7F5A46F6A64E}.Release|x64.Build.0 = Release|x64
		{8AC8F19C-1A7B-4D88-91D1-7F5A46F6A64E}.Release|x86.ActiveCfg = Release|x64
		{5265900B-8CBD-4B08-A582-AF9AE7BD8663}.Debug|x64.ActiveCfg = Debug|x64
		{5265900B-8CBD-4B08-A582-AF9AE7BD8663}.Debug|x64.Build.0 = Debug|x64
		{5265900B-8CBD-4B08-A582-AF9AE7BD8663}.Debug|x86.ActiveCfg = Debug|Any CPU
		{5265900B-8CBD-4B08-A582-AF9AE7BD8663}.Debug|x86.Build.0 = Debug|Any CPU
		{5265900B-8CBD-4B08-A582-AF9AE7BD8663}.Release|x64.ActiveCfg = Release|x64
		{5265900B-8CBD-4B08-A582-AF9AE7BD8663}.Release|x64.Build.0 = Release|x64
		{5265900B-8CBD-4B08-A582-AF9AE7BD8663}.Release|x86.ActiveCfg = Release|Any CPU
		{5265900B-8CBD-4B08-A582-AF9AE7BD8663}.Release|x86.Build.0 = Release|Any CPU
		{172664FC-BF78-440A-A20E-3CCF13981497}.Debug|x64.ActiveCfg = Debug|x64
		{172664FC-BF78-440A-A20E-3CCF13981497}.Debug|x86.ActiveCfg = Debug|Any CPU
		{172664FC-BF78-440A-A20E-3CCF13981497}.Debug|x86.Build.0 = Debug|Any CPU
		{172664FC-BF78-440A-A20E-3CCF13981497}.Debug|x86.Deploy.0 = Debug|Any CPU
		{172664FC-BF78-440A-A20E-3CCF13981497}.Release|x64.ActiveCfg = Release|x64
		{172664FC-BF78-440A-A20E-3CCF13981497}.Release|x64.Deploy.0 = Release|x64
		{172664FC-BF78-440A-A20E-3CCF13981497}.Release|x86.ActiveCfg = Release|Any CPU
		{172664FC-BF78-440A-A20E-3CCF13981497}.Release|x86.Build.0 = Release|Any CPU
		{172664FC-BF78-440A-A20E-3CCF13981497}.Release|x86.Deploy.0 = Release|Any CPU
		{576C73FB-82E2-40D8-BA78-8395D232E273}.Debug|x64.ActiveCfg = Debug|x64
		{576C73FB-82E2-40D8-BA78-8395D232E273}.Debug|x64.Build.0 = Debug|x64
		{576C73FB-82E2-40D8-BA78-8395D232E273}.Debug|x86.ActiveCfg = Debug|Any CPU
		{576C73FB-82E2-40D8-BA78-8395D232E273}.Debug|x86.Build.0 = Debug|Any CPU
		{576C73FB-82E2-40D8-BA78-8395D232E273}.Release|x64.ActiveCfg = Release|x64
		{576C73FB-82E2-40D8-BA78-8395D232E273}.Release|x64.Build.0 = Release|x64
		{576C73FB-82E2-40D8-BA78-8395D232E273}.Release|x86.ActiveCfg = Release|Any CPU
		{576C73FB-82E2-40D8-BA78-8395D232E273}.Release|x86.Build.0 = Release|Any CPU
		{BC5ACFBC-4E19-40EC-9223-0E920527008C}.Debug|x64.ActiveCfg = Debug|x64
		{BC5ACFBC-4E19-40EC-9223-0E920527008C}.Debug|x64.Build.0 = Debug|x64
		{BC5ACFBC-4E19-40EC-9223-0E920527008C}.Debug|x86.ActiveCfg = Debug|Any CPU
		{BC5ACFBC-4E19-40EC-9223-0E920527008C}.Debug|x86.Build.0 = Debug|Any CPU
		{BC5ACFBC-4E19-40EC-9223-0E920527008C}.Release|x64.ActiveCfg = Release|x64
		{BC5ACFBC-4E19-40EC-9223-0E920527008C}.Release|x64.Build.0 = Release|x64
		{BC5ACFBC-4E19-40EC-9223-0E920527008C}.Release|x86.ActiveCfg = Release|Any CPU
		{BC5ACFBC-4E19-40EC-9223-0E920527008C}.Release|x86.Build.0 = Release|Any CPU
		{F94CA108-45A1-4AA2-AB30-6E068612B24A}.Debug|x64.ActiveCfg = Debug|x64
		{F94CA108-45A1-4AA2-AB30-6E068612B24A}.Debug|x64.Build.0 = Debug|x64
		{F94CA108-45A1-4AA2-AB30-6E068612B24A}.Debug|x86.ActiveCfg = Debug|Win32
		{F94CA108-45A1-4AA2-AB30-6E068612B24A}.Debug|x86.Build.0 = Debug|Win32
		{F94CA108-45A1-4AA2-AB30-6E068612B24A}.Release|x64.ActiveCfg = Release|x64
		{F94CA108-45A1-4AA2-AB30-6E068612B24A}.Release|x64.Build.0 = Release|x64
		{F94CA108-45A1-4AA2-AB30-6E068612B24A}.Release|x86.ActiveCfg = Release|Win32
		{F94CA108-45A1-4AA2-AB30-6E068612B24A}.Release|x86.Build.0 = Release|Win32
		{93F81763-8E41-4271-86C6-91888DF91689}.Debug|x64.ActiveCfg = Debug|x64
		{93F81763-8E41-4271-86C6-91888DF91689}.Debug|x64.Build.0 = Debug|x64
		{93F81763-8E41-4271-86C6-91888DF91689}.Debug|x86.ActiveCfg = Debug|Win32
		{93F81763-8E41-4271-86C6-91888DF91689}.Debug|x86.Build.0 = Debug|Win32
		{93F81763-8E41-4271-86C6-91888DF91689}.Release|x64.ActiveCfg = Release|x64
		{93F81763-8E41-4271-86C6-91888DF91689}.Release|x64.Build.0 = Release|x64
		{93F81763-8E41-4271-86C6-91888DF91689}.Release|x86.ActiveCfg = Release|Win32
		{93F81763-8E41-4271-86C6-91888DF91689}.Release|x86.Build.0 = Release|Win32
		{5D389A36-474A-4270-A479-3CE6C9C1DF10}.Debug|x64.ActiveCfg = Debug|x64
		{5D389A36-474A-4270-A479-3CE6C9C1DF10}.Debug|x64.Build.0 = Debug|x64
		{5D389A36-474A-4270-A479-3CE6C9C1DF10}.Debug|x86.ActiveCfg = Debug|Win32
		{5D389A36-474A-4270-A479-3CE6C9C1DF10}.Debug|x86.Build.0 = Debug|Win32
		{5D389A36-474A-4270-A479-3CE6C9C1DF10}.Release|x64.ActiveCfg = Release|x64
		{5D389A36-474A-4270-A479-3CE6C9C1DF10}.Release|x64.Build.0 = Release|x64
		{5D389A36-474A-4270-A479-3CE6C9C1DF10}.Release|x86.ActiveCfg = Release|x64
		{0C2C2008-A523-4965-8145-2C4D9C91C5B8}.Debug|x64.ActiveCfg = Debug|x64
		{0C2C2008-A523-4965-8145-2C4D9C91C5B8}.Debug|x64.Build.0 = Debug|x64
		{0C2C2008-A523-4965-8145-2C4D9C91C5B8}.Debug|x86.ActiveCfg = Debug|Win32
		{0C2C2008-A523-4965-8145-2C4D9C91C5B8}.Debug|x86.Build.0 = Debug|Win32
		{0C2C2008-A523-4965-8145-2C4D9C91C5B8}.Release|x64.ActiveCfg = Release|x64
		{0C2C2008-A523-4965-8145-2C4D9C91C5B8}.Release|x64.Build.0 = Release|x64
		{0C2C2008-A523-4965-8145-2C4D9C91C5B8}.Release|x86.ActiveCfg = Release|Win32
		{0C2C2008-A523-4965-8145-2C4D9C91C5B8}.Release|x86.Build.0 = Release|Win32
		{75C94189-0088-4A4C-87F2-BF1DAB3CC9ED}.Debug|x64.ActiveCfg = Debug|x64
		{75C94189-0088-4A4C-87F2-BF1DAB3CC9ED}.Debug|x64.Build.0 = Debug|x64
		{75C94189-0088-4A4C-87F2-BF1DAB3CC9ED}.Debug|x86.ActiveCfg = Debug|Win32
		{75C94189-0088-4A4C-87F2-BF1DAB3CC9ED}.Debug|x86.Build.0 = Debug|Win32
		{75C94189-0088-4A4C-87F2-BF1DAB3CC9ED}.Release|x64.ActiveCfg = Release|x64
		{75C94189-0088-4A4C-87F2-BF1DAB3CC9ED}.Release|x64.Build.0 = Release|x64
		{75C94189-0088-4A4C-87F2-BF1DAB3CC9ED}.Release|x86.ActiveCfg = Release|Win32
		{75C94189-0088-4A4C-87F2-BF1DAB3CC9ED}.Release|x86.Build.0 = Release|Win32
		{5151420B-8CA9-41D5-BDE9-71FBFDCCC50B}.Debug|x64.ActiveCfg = Debug|x64
		{5151420B-8CA9-41D5-BDE9-71FBFDCCC50B}.Debug|x64.Build.0 = Debug|x64
		{5151420B-8CA9-41D5-BDE9-71FBFDCCC50B}.Debug|x86.ActiveCfg = Debug|Win32
		{5151420B-8CA9-41D5-BDE9-71FBFDCCC50B}.Debug|x86.Build.0 = Debug|Win32
		{5151420B-8CA9-41D5-BDE9-71FBFDCCC50B}.Release|x64.ActiveCfg = Release|x64
		{5151420B-8CA9-41D5-BDE9-71FBFDCCC50B}.Release|x64.Build.0 = Release|x64
		{5151420B-8CA9-41D5-BDE9-71FBFDCCC50B}.Release|x86.ActiveCfg = Release|Win32
		{5151420B-8CA9-41D5-BDE9-71FBFDCCC50B}.Release|x86.Build.0 = Release|Win32
		{0FE470F4-FC1C-4362-B726-D287C5D357D3}.Debug|x64.ActiveCfg = Debug|x64
		{0FE470F4-FC1C-4362-B726-D287C5D357D3}.Debug|x64.Build.0 = Debug|x64
		{0FE470F4-FC1C-4362-B726-D287C5D357D3}.Debug|x86.ActiveCfg = Debug|Win32
		{0FE470F4-FC1C-4362-B726-D287C5D357D3}.Debug|x86.Build.0 = Debug|Win32
		{0FE470F4-FC1C-4362-B726-D287C5D357D3}.Release|x64.ActiveCfg = Release|x64
		{0FE470F4-FC1C-4362-B726-D287C5D357D3}.Release|x64.Build.0 = Release|x64
		{0FE470F4-FC1C-4362-B726-D287C5D357D3}.Release|x86.ActiveCfg = Release|Win32
		{0FE470F4-FC1C-4362-B726-D287C5D357D3}.Release|x86.Build.0 = Release|Win32
		{96ED155F-42EF-47C5-9C30-0C9E6ECBBB69}.Debug|x64.ActiveCfg = Debug|x64
		{96ED155F-42EF-47C5-9C30-0C9E6ECBBB69}.Debug|x64.Build.0 = Debug|x64
		{96ED155F-42EF-47C5-9C30-0C9E6ECBBB69}.Debug|x86.ActiveCfg = Debug|Win32
		{96ED155F-42EF-47C5-9C30-0C9E6ECBBB69}.Debug|x86.Build.0 = Debug|Win32
		{96ED155F-42EF-47C5-9C30-0C9E6ECBBB69}.Release|x64.ActiveCfg = Release|x64
		{96ED155F-42EF-47C5-9C30-0C9E6ECBBB69}.Release|x64.Build.0 = Release|x64
		{96ED155F-42EF-47C5-9C30-0C9E6ECBBB69}.Release|x86.ActiveCfg = Release|Win32
		{96ED155F-42EF-47C5-9C30-0C9E6ECBBB69}.Release|x86.Build.0 = Release|Win32
		{152FC061-8649-46C9-8046-B387F7D73466}.Debug|x64.ActiveCfg = Debug|x64
		{152FC061-8649-46C9-8046-B387F7D73466}.Debug|x64.Build.0 = Debug|x64
		{152FC061-8649-46C9-8046-B387F7D73466}.Debug|x86.ActiveCfg = Debug|Win32
		{152FC061-8649-46C9-8046-B387F7D73466}.Debug|x86.Build.0 = Debug|Win32
		{152FC061-8649-46C9-8046-B387F7D73466}.Release|x64.ActiveCfg = Release|x64
		{152FC061-8649-46C9-8046-B387F7D73466}.Release|x64.Build.0 = Release|x64
		{152FC061-8649-46C9-8046-B387F7D73466}.Release|x86.ActiveCfg = Release|Win32
		{152FC061-8649-46C9-8046-B387F7D73466}.Release|x86.Build.0 = Release|Win32
		{5783B6FD-AEF9-4A27-B9EA-0C4EED9B13FB}.Debug|x64.ActiveCfg = Debug|x64
		{5783B6FD-AEF9-4A27-B9EA-0C4EED9B13FB}.Debug|x64.Build.0 = Debug|x64
		{5783B6FD-AEF9-4A27-B9EA-0C4EED9B13FB}.Debug|x86.ActiveCfg = Debug|Win32
		{5783B6FD-AEF9-4A27-B9EA-0C4EED9B13FB}.Debug|x86.Build.0 = Debug|Win32
		{5783B6FD-AEF9-4A27-B9EA-0C4EED9B13FB}.Release|x64.ActiveCfg = Release|x64
		{5783B6FD-AEF9-4A27-B9EA-0C4EED9B13FB}.Release|x64.Build.0 = Release|x64
		{5783B6FD-AEF9-4A27-B9EA-0C4EED9B13FB}.Release|x86.ActiveCfg = Release|Win32
		{5783B6FD-AEF9-4A27-B9EA-0C4EED9B13FB}.Release|x86.Build.0 = Release|Win32
		{2345887A-3706-4478-808B-223E4C170114}.Debug|x64.ActiveCfg = Debug|x64
		{2345887A-3706-4478-808B-223E4C170114}.Debug|x64.Build.0 = Debug|x64
		{2345887A-3706-4478-808B-223E4C170114}.Debug|x86.ActiveCfg = Debug|Any CPU
		{2345887A-3706-4478-808B-223E4C170114}.Debug|x86.Build.0 = Debug|Any CPU
		{2345887A-3706-4478-808B-223E4C170114}.Release|x64.ActiveCfg = Release|x64
		{2345887A-3706-4478-808B-223E4C170114}.Release|x64.Build.0 = Release|x64
		{2345887A-3706-4478-808B-223E4C170114}.Release|x86.ActiveCfg = Release|Any CPU
		{2345887A-3706-4478-808B-223E4C170114}.Release|x86.Build.0 = Release|Any CPU
		{9FB13B65-5BFE-4635-88D0-5C04B8CC877F}.Debug|x64.ActiveCfg = Debug|x64
		{9FB13B65-5BFE-4635-88D0-5C04B8CC877F}.Debug|x64.Build.0 = Debug|x64
		{9FB13B65-5BFE-4635-88D0-5C04B8CC877F}.Debug|x86.ActiveCfg = Debug|Win32
		{9FB13B65-5BFE-4635-88D0-5C04B8CC877F}.Debug|x86.Build.0 = Debug|Win32
		{9FB13B65-5BFE-4635-88D0-5C04B8CC877F}.Release|x64.ActiveCfg = Release|x64
		{9FB13B65-5BFE-4635-88D0-5C04B8CC877F}.Release|x64.Build.0 = Release|x64
		{9FB13B65-5BFE-4635-88D0-5C04B8CC877F}.Release|x86.ActiveCfg = Release|Win32
		{9FB13B65-5BFE-4635-88D0-5C04B8CC877F}.Release|x86.Build.0 = Release|Win32
		{164F0F5D-7B8E-44CF-965E-DD18D5273BBB}.Debug|x64.ActiveCfg = Debug|x64
		{164F0F5D-7B8E-44CF-965E-DD18D5273BBB}.Debug|x64.Build.0 = Debug|x64
		{164F0F5D-7B8E-44CF-965E-DD18D5273BBB}.Debug|x86.ActiveCfg = Debug|Win32
		{164F0F5D-7B8E-44CF-965E-DD18D5273BBB}.Debug|x86.Build.0 = Debug|Win32
		{164F0F5D-7B8E-44CF-965E-DD18D5273BBB}.Release|x64.ActiveCfg = Release|x64
		{164F0F5D-7B8E-44CF-965E-DD18D5273BBB}.Release|x64.Build.0 = Release|x64
		{164F0F5D-7B8E-44CF-965E-DD18D5273BBB}.Release|x86.ActiveCfg = Release|Win32
		{164F0F5D-7B8E-44CF-965E-DD18D5273BBB}.Release|x86.Build.0 = Release|Win32
		{FA9C865E-0227-4EBC-A291-ED0F2453AFB3}.Debug|x64.ActiveCfg = Debug|x64
		{FA9C865E-0227-4EBC-A291-ED0F2453AFB3}.Debug|x64.Build.0 = Debug|x64
		{FA9C865E-0227-4EBC-A291-ED0F2453AFB3}.Debug|x86.ActiveCfg = Debug|x64
		{FA9C865E-0227-4EBC-A291-ED0F2453AFB3}.Release|x64.ActiveCfg = Release|x64
		{FA9C865E-0227-4EBC-A291-ED0F2453AFB3}.Release|x64.Build.0 = Release|x64
		{FA9C865E-0227-4EBC-A291-ED0F2453AFB3}.Release|x86.ActiveCfg = Release|x64
		{662D4BB9-C075-465C-9CA6-A8231E221B70}.Debug|x64.ActiveCfg = Debug|x64
		{662D4BB9-C075-465C-9CA6-A8231E221B70}.Debug|x64.Build.0 = Debug|x64
		{662D4BB9-C075-465C-9CA6-A8231E221B70}.Debug|x86.ActiveCfg = Debug|Any CPU
		{662D4BB9-C075-465C-9CA6-A8231E221B70}.Debug|x86.Build.0 = Debug|Any CPU
		{662D4BB9-C075-465C-9CA6-A8231E221B70}.Release|x64.ActiveCfg = Release|x64
		{662D4BB9-C075-465C-9CA6-A8231E221B70}.Release|x64.Build.0 = Release|x64
		{662D4BB9-C075-465C-9CA6-A8231E221B70}.Release|x86.ActiveCfg = Release|Any CPU
		{662D4BB9-C075-465C-9CA6-A8231E221B70}.Release|x86.Build.0 = Release|Any CPU
		{66EF90F3-D4AC-4750-B715-4AD9599BD012}.Debug|x64.ActiveCfg = Debug|x64
		{66EF90F3-D4AC-4750-B715-4AD9599BD012}.Debug|x64.Build.0 = Debug|x64
		{66EF90F3-D4AC-4750-B715-4AD9599BD012}.Debug|x86.ActiveCfg = Debug|x64
		{66EF90F3-D4AC-4750-B715-4AD9599BD012}.Release|x64.ActiveCfg = Release|x64
		{66EF90F3-D4AC-4750-B715-4AD9599BD012}.Release|x64.Build.0 = Release|x64
		{66EF90F3-D4AC-4750-B715-4AD9599BD012}.Release|x86.ActiveCfg = Release|x64
		{24D8DD76-795E-4975-8297-BF1F5FBE5649}.Debug|x64.ActiveCfg = Debug|x64
		{24D8DD76-795E-4975-8297-BF1F5FBE5649}.Debug|x64.Build.0 = Debug|x64
		{24D8DD76-795E-4975-8297-BF1F5FBE5649}.Debug|x86.ActiveCfg = Debug|Any CPU
		{24D8DD76-795E-4975-8297-BF1F5FBE5649}.Debug|x86.Build.0 = Debug|Any CPU
		{24D8DD76-795E-4975-8297-BF1F5FBE5649}.Release|x64.ActiveCfg = Release|x64
		{24D8DD76-795E-4975-8297-BF1F5FBE5649}.Release|x64.Build.0 = Release|x64
		{24D8DD76-795E-4975-8297-BF1F5FBE5649}.Release|x86.ActiveCfg = Release|Any CPU
		{24D8DD76-795E-4975-8297-BF1F5FBE5649}.Release|x86.Build.0 = Release|Any CPU
		{FC3EBDE9-7D0F-4D16-B833-38C47FB0727D}.Debug|x64.ActiveCfg = Debug|x64
		{FC3EBDE9-7D0F-4D16-B833-38C47FB0727D}.Debug|x64.Build.0 = Debug|x64
		{FC3EBDE9-7D0F-4D16-B833-38C47FB0727D}.Debug|x86.ActiveCfg = Debug|Win32
		{FC3EBDE9-7D0F-4D16-B833-38C47FB0727D}.Debug|x86.Build.0 = Debug|Win32
		{FC3EBDE9-7D0F-4D16-B833-38C47FB0727D}.Release|x64.ActiveCfg = Release|x64
		{FC3EBDE9-7D0F-4D16-B833-38C47FB0727D}.Release|x64.Build.0 = Release|x64
		{FC3EBDE9-7D0F-4D16-B833-38C47FB0727D}.Release|x86.ActiveCfg = Release|Win32
		{FC3EBDE9-7D0F-4D16-B833-38C47FB0727D}.Release|x86.Build.0 = Release|Win32
		{9A814312-7EB9-4A1C-BDBD-187F45A57EB1}.Debug|x64.ActiveCfg = Debug|x64
		{9A814312-7EB9-4A1C-BDBD-187F45A57EB1}.Debug|x64.Build.0 = Debug|x64
		{9A814312-7EB9-4A1C-BDBD-187F45A57EB1}.Debug|x86.ActiveCfg = Debug|x64
		{9A814312-7EB9-4A1C-BDBD-187F45A57EB1}.Release|x64.ActiveCfg = Release|x64
		{9A814312-7EB9-4A1C-BDBD-187F45A57EB1}.Release|x64.Build.0 = Release|x64
		{9A814312-7EB9-4A1C-BDBD-187F45A57EB1}.Release|x86.ActiveCfg = Release|x64
		{8F609A95-37BC-4E0F-8CD5-4196A86CD4B8}.Debug|x64.ActiveCfg = Debug|x64
		{8F609A95-37BC-4E0F-8CD5-4196A86CD4B8}.Debug|x64.Build.0 = Debug|x64
		{8F609A95-37BC-4E0F-8CD5-4196A86CD4B8}.Debug|x86.ActiveCfg = Debug|x64
		{8F609A95-37BC-4E0F-8CD5-4196A86CD4B8}.Release|x64.ActiveCfg = Release|x64
		{8F609A95-37BC-4E0F-8CD5-4196A86CD4B8}.Release|x64.Build.0 = Release|x64
		{8F609A95-37BC-4E0F-8CD5-4196A86CD4B8}.Release|x86.ActiveCfg = Release|x64
		{3CCB1699-3233-427A-95F1-4119B5C62820}.Debug|x64.ActiveCfg = Debug|Any CPU
		{3CCB1699-3233-427A-95F1-4119B5C62820}.Debug|x86.ActiveCfg = Debug|Any CPU
		{3CCB1699-3233-427A-95F1-4119B5C62820}.Release|x64.ActiveCfg = Release|Any CPU
		{3CCB1699-3233-427A-95F1-4119B5C62820}.Release|x86.ActiveCfg = Release|Any CPU
		{D9BB6D83-937E-40FD-BFC3-FF48D8A04D11}.Debug|x64.ActiveCfg = Debug|x64
		{D9BB6D83-937E-40FD-BFC3-FF48D8A04D11}.Debug|x64.Build.0 = Debug|x64
		{D9BB6D83-937E-40FD-BFC3-FF48D8A04D11}.Debug|x86.ActiveCfg = Debug|Win32
		{D9BB6D83-937E-40FD-BFC3-FF48D8A04D11}.Debug|x86.Build.0 = Debug|Win32
		{D9BB6D83-937E-40FD-BFC3-FF48D8A04D11}.Release|x64.ActiveCfg = Release|x64
		{D9BB6D83-937E-40FD-BFC3-FF48D8A04D11}.Release|x64.Build.0 = Release|x64
		{D9BB6D83-937E-40FD-BFC3-FF48D8A04D11}.Release|x86.ActiveCfg = Release|Win32
		{D9BB6D83-937E-40FD-BFC3-FF48D8A04D11}.Release|x86.Build.0 = Release|Win32
		{EDA94C7F-B7B2-48DC-833D-A4948F00A7A2}.Debug|x64.ActiveCfg = Debug|x64
		{EDA94C7F-B7B2-48DC-833D-A4948F00A7A2}.Debug|x64.Build.0 = Debug|x64
		{EDA94C7F-B7B2-48DC-833D-A4948F00A7A2}.Debug|x86.ActiveCfg = Debug|Win32
		{EDA94C7F-B7B2-48DC-833D-A4948F00A7A2}.Debug|x86.Build.0 = Debug|Win32
		{EDA94C7F-B7B2-48DC-833D-A4948F00A7A2}.Release|x64.ActiveCfg = Release|x64
		{EDA94C7F-B7B2-48DC-833D-A4948F00A7A2}.Release|x64.Build.0 = Release|x64
		{EDA94C7F-B7B2-48DC-833D-A4948F00A7A2}.Release|x86.ActiveCfg = Release|Win32
		{EDA94C7F-B7B2-48DC-833D-A4948F00A7A2}.Release|x86.Build.0 = Release|Win32
		{B8045239-6597-4E1D-B535-A78DA68BA156}.Debug|x64.ActiveCfg = Debug|x64
		{B8045239-6597-4E1D-B535-A78DA68BA156}.Debug|x64.Build.0 = Debug|x64
		{B8045239-6597-4E1D-B535-A78DA68BA156}.Debug|x86.ActiveCfg = Debug|Win32
		{B8045239-6597-4E1D-B535-A78DA68BA156}.Debug|x86.Build.0 = Debug|Win32
		{B8045239-6597-4E1D-B535-A78DA68BA156}.Release|x64.ActiveCfg = Release|x64
		{B8045239-6597-4E1D-B535-A78DA68BA156}.Release|x64.Build.0 = Release|x64
		{B8045239-6597-4E1D-B535-A78DA68BA156}.Release|x86.ActiveCfg = Release|Win32
		{B8045239-6597-4E1D-B535-A78DA68BA156}.Release|x86.Build.0 = Release|Win32
		{5E4CC85D-7B10-4AD8-A7D0-F5FD08732D14}.Debug|x64.ActiveCfg = Debug|x64
		{5E4CC85D-7B10-4AD8-A7D0-F5FD08732D14}.Debug|x64.Build.0 = Debug|x64
		{5E4CC85D-7B10-4AD8-A7D0-F5FD08732D14}.Debug|x86.ActiveCfg = Debug|Win32
		{5E4CC85D-7B10-4AD8-A7D0-F5FD08732D14}.Debug|x86.Build.0 = Debug|Win32
		{5E4CC85D-7B10-4AD8-A7D0-F5FD08732D14}.Release|x64.ActiveCfg = Release|x64
		{5E4CC85D-7B10-4AD8-A7D0-F5FD08732D14}.Release|x64.Build.0 = Release|x64
		{5E4CC85D-7B10-4AD8-A7D0-F5FD08732D14}.Release|x86.ActiveCfg = Release|Win32
		{5E4CC85D-7B10-4AD8-A7D0-F5FD08732D14}.Release|x86.Build.0 = Release|Win32
		{BA9A6F2C-8AB1-4849-A58F-580156B777DC}.Debug|x64.ActiveCfg = Debug|x64
		{BA9A6F2C-8AB1-4849-A58F-580156B777DC}.Debug|x64.Build.0 = Debug|x64
		{BA9A6F2C-8AB1-4849-A58F-580156B777DC}.Debug|x86.ActiveCfg = Debug|Win32
		{BA9A6F2C-8AB1-4849-A58F-580156B777DC}.Debug|x86.Build.0 = Debug|Win32
		{BA9A6F2C-8AB1-4849-A58F-580156B777DC}.Release|x64.ActiveCfg = Release|x64
		{BA9A6F2C-8AB1-4849-A58F-580156B777DC}.Release|x64.Build.0 = Release|x64
		{BA9A6F2C-8AB1-4849-A58F-580156B777DC}.Release|x86.ActiveCfg = Release|Win32
		{BA9A6F2C-8AB1-4849-A58F-580156B777DC}.Release|x86.Build.0 = Release|Win32
		{5B5EC7AE-BB81-4032-B510-3693221BC716}.Debug|x64.ActiveCfg = Debug|x64
		{5B5EC7AE-BB81-4032-B510-3693221BC716}.Debug|x64.Build.0 = Debug|x64
		{5B5EC7AE-BB81-4032-B510-3693221BC716}.Debug|x86.ActiveCfg = Debug|Win32
		{5B5EC7AE-BB81-4032-B510-3693221BC716}.Debug|x86.Build.0 = Debug|Win32
		{5B5EC7AE-BB81-4032-B510-3693221BC716}.Release|x64.ActiveCfg = Release|x64
		{5B5EC7AE-BB81-4032-B510-3693221BC716}.Release|x64.Build.0 = Release|x64
		{5B5EC7AE-BB81-4032-B510-3693221BC716}.Release|x86.ActiveCfg = Release|Win32
		{5B5EC7AE-BB81-4032-B510-3693221BC716}.Release|x86.Build.0 = Release|Win32
		{B56C5D7D-3AE1-4BF2-AF87-DAA09E62C70E}.Debug|x64.ActiveCfg = Debug|x64
		{B56C5D7D-3AE1-4BF2-AF87-DAA09E62C70E}.Debug|x64.Build.0 = Debug|x64
		{B56C5D7D-3AE1-4BF2-AF87-DAA09E62C70E}.Debug|x86.ActiveCfg = Debug|x64
		{B56C5D7D-3AE1-4BF2-AF87-DAA09E62C70E}.Release|x64.ActiveCfg = Release|x64
		{B56C5D7D-3AE1-4BF2-AF87-DAA09E62C70E}.Release|x64.Build.0 = Release|x64
		{B56C5D7D-3AE1-4BF2-AF87-DAA09E62C70E}.Release|x86.ActiveCfg = Release|x64
		{7CD8F942-6C80-4E59-8F6D-006EEF322374}.Debug|x64.ActiveCfg = Debug|x64
		{7CD8F942-6C80-4E59-8F6D-006EEF322374}.Debug|x64.Build.0 = Debug|x64
		{7CD8F942-6C80-4E59-8F6D-006EEF322374}.Debug|x86.ActiveCfg = Debug|Win32
		{7CD8F942-6C80-4E59-8F6D-006EEF322374}.Debug|x86.Build.0 = Debug|Win32
		{7CD8F942-6C80-4E59-8F6D-006EEF322374}.Release|x64.ActiveCfg = Release|x64
		{7CD8F942-6C80-4E59-8F6D-006EEF322374}.Release|x64.Build.0 = Release|x64
		{7CD8F942-6C80-4E59-8F6D-006EEF322374}.Release|x86.ActiveCfg = Release|Win32
		{7CD8F942-6C80-4E59-8F6D-006EEF322374}.Release|x86.Build.0 = Release|Win32
	EndGlobalSection
	GlobalSection(SolutionProperties) = preSolution
		HideSolutionNode = FALSE
	EndGlobalSection
	GlobalSection(NestedProjects) = preSolution
		{3BDA18EB-8232-48C0-A250-33C4A7685127} = {D51C4B42-A831-4ADF-A395-BA2F32ABD3FA}
		{B7127119-A5BC-4BE7-8ED2-759EAFDF44EA} = {3E25C16D-3345-4DDF-92A2-05EA11B6ACF8}
		{4D11DE83-281B-47DC-9CB6-EC7C5862E642} = {3E25C16D-3345-4DDF-92A2-05EA11B6ACF8}
		{EE7FC981-3B57-4D03-AA26-1F321353F3F4} = {D9C1991A-61CA-4622-A42F-E3993F01DC2C}
		{05D6CF87-3C93-44FE-AD5C-4B37D34FC445} = {3E25C16D-3345-4DDF-92A2-05EA11B6ACF8}
		{CA29337A-E9F1-40DB-B7E3-FC3B59441B3E} = {D9C1991A-61CA-4622-A42F-E3993F01DC2C}
		{321CE48B-D9F0-4D4E-B8B4-96177FF9898D} = {3E25C16D-3345-4DDF-92A2-05EA11B6ACF8}
		{EF12FE1A-5635-4793-ABAA-349B1842349B} = {3E25C16D-3345-4DDF-92A2-05EA11B6ACF8}
		{5751D238-5DD2-4A1D-A183-8F667E260BB1} = {3E25C16D-3345-4DDF-92A2-05EA11B6ACF8}
		{F057D8ED-F0B8-45F9-84EE-C77518BB5444} = {D9C1991A-61CA-4622-A42F-E3993F01DC2C}
		{A2F931F2-DFCD-4334-A2A9-83C9935C5F06} = {3E25C16D-3345-4DDF-92A2-05EA11B6ACF8}
		{82A041B1-A01D-4A8F-95FC-1BE2946DAFD7} = {3E25C16D-3345-4DDF-92A2-05EA11B6ACF8}
		{F6345BDE-E90C-4887-8F65-5A09051BF394} = {3E25C16D-3345-4DDF-92A2-05EA11B6ACF8}
		{C481E4A1-ABCF-496C-861D-1449AFB99D01} = {3E25C16D-3345-4DDF-92A2-05EA11B6ACF8}
		{A1C57945-1C3E-4450-BC38-542CCE00DF09} = {D9C1991A-61CA-4622-A42F-E3993F01DC2C}
		{E620FD29-FC27-42AD-9C75-1E5D2B81B1B7} = {F1FB5D90-ACA0-4C8B-B992-4EA98C4D2D3D}
		{1F212FA2-25A4-49C7-BD6C-2614B4F49057} = {F1FB5D90-ACA0-4C8B-B992-4EA98C4D2D3D}
		{B27629BC-30E1-4175-B5E2-54C5912E5C27} = {F1FB5D90-ACA0-4C8B-B992-4EA98C4D2D3D}
		{BA2F3029-DF12-42C1-87A3-F13F218F8E10} = {3E25C16D-3345-4DDF-92A2-05EA11B6ACF8}
		{8AC8F19C-1A7B-4D88-91D1-7F5A46F6A64E} = {F1FB5D90-ACA0-4C8B-B992-4EA98C4D2D3D}
		{5265900B-8CBD-4B08-A582-AF9AE7BD8663} = {F1FB5D90-ACA0-4C8B-B992-4EA98C4D2D3D}
		{576C73FB-82E2-40D8-BA78-8395D232E273} = {F1FB5D90-ACA0-4C8B-B992-4EA98C4D2D3D}
		{BC5ACFBC-4E19-40EC-9223-0E920527008C} = {F1FB5D90-ACA0-4C8B-B992-4EA98C4D2D3D}
		{F94CA108-45A1-4AA2-AB30-6E068612B24A} = {3E25C16D-3345-4DDF-92A2-05EA11B6ACF8}
		{93F81763-8E41-4271-86C6-91888DF91689} = {3E25C16D-3345-4DDF-92A2-05EA11B6ACF8}
		{5D389A36-474A-4270-A479-3CE6C9C1DF10} = {3E25C16D-3345-4DDF-92A2-05EA11B6ACF8}
		{0C2C2008-A523-4965-8145-2C4D9C91C5B8} = {3E25C16D-3345-4DDF-92A2-05EA11B6ACF8}
		{75C94189-0088-4A4C-87F2-BF1DAB3CC9ED} = {3E25C16D-3345-4DDF-92A2-05EA11B6ACF8}
		{5151420B-8CA9-41D5-BDE9-71FBFDCCC50B} = {3E25C16D-3345-4DDF-92A2-05EA11B6ACF8}
		{0FE470F4-FC1C-4362-B726-D287C5D357D3} = {3E25C16D-3345-4DDF-92A2-05EA11B6ACF8}
		{96ED155F-42EF-47C5-9C30-0C9E6ECBBB69} = {3E25C16D-3345-4DDF-92A2-05EA11B6ACF8}
		{152FC061-8649-46C9-8046-B387F7D73466} = {3E25C16D-3345-4DDF-92A2-05EA11B6ACF8}
		{5783B6FD-AEF9-4A27-B9EA-0C4EED9B13FB} = {3E25C16D-3345-4DDF-92A2-05EA11B6ACF8}
		{2345887A-3706-4478-808B-223E4C170114} = {F1FB5D90-ACA0-4C8B-B992-4EA98C4D2D3D}
		{9FB13B65-5BFE-4635-88D0-5C04B8CC877F} = {3E25C16D-3345-4DDF-92A2-05EA11B6ACF8}
		{164F0F5D-7B8E-44CF-965E-DD18D5273BBB} = {3E25C16D-3345-4DDF-92A2-05EA11B6ACF8}
		{FA9C865E-0227-4EBC-A291-ED0F2453AFB3} = {31A2FBD0-DAC2-4D9A-AD83-3DD46A9D2607}
		{662D4BB9-C075-465C-9CA6-A8231E221B70} = {31A2FBD0-DAC2-4D9A-AD83-3DD46A9D2607}
		{66EF90F3-D4AC-4750-B715-4AD9599BD012} = {31A2FBD0-DAC2-4D9A-AD83-3DD46A9D2607}
		{24D8DD76-795E-4975-8297-BF1F5FBE5649} = {31A2FBD0-DAC2-4D9A-AD83-3DD46A9D2607}
		{FC3EBDE9-7D0F-4D16-B833-38C47FB0727D} = {3E25C16D-3345-4DDF-92A2-05EA11B6ACF8}
		{9A814312-7EB9-4A1C-BDBD-187F45A57EB1} = {3E25C16D-3345-4DDF-92A2-05EA11B6ACF8}
		{8F609A95-37BC-4E0F-8CD5-4196A86CD4B8} = {31A2FBD0-DAC2-4D9A-AD83-3DD46A9D2607}
		{3CCB1699-3233-427A-95F1-4119B5C62820} = {98338D51-6EF1-4773-AC9C-769C4A5F3BF8}
		{D9BB6D83-937E-40FD-BFC3-FF48D8A04D11} = {D51C4B42-A831-4ADF-A395-BA2F32ABD3FA}
		{EDA94C7F-B7B2-48DC-833D-A4948F00A7A2} = {D51C4B42-A831-4ADF-A395-BA2F32ABD3FA}
		{B8045239-6597-4E1D-B535-A78DA68BA156} = {D51C4B42-A831-4ADF-A395-BA2F32ABD3FA}
		{5E4CC85D-7B10-4AD8-A7D0-F5FD08732D14} = {3E25C16D-3345-4DDF-92A2-05EA11B6ACF8}
		{BA9A6F2C-8AB1-4849-A58F-580156B777DC} = {3E25C16D-3345-4DDF-92A2-05EA11B6ACF8}
		{5B5EC7AE-BB81-4032-B510-3693221BC716} = {618919F1-7FA3-4F2F-B417-5F48E4FB73F4}
		{B56C5D7D-3AE1-4BF2-AF87-DAA09E62C70E} = {3E25C16D-3345-4DDF-92A2-05EA11B6ACF8}
		{7CD8F942-6C80-4E59-8F6D-006EEF322374} = {3BDA18EB-8232-48C0-A250-33C4A7685127}
	EndGlobalSection
	GlobalSection(ExtensibilityGlobals) = postSolution
		SolutionGuid = {C0F35A79-CB2A-4C38-86BA-21027482BB6B}
	EndGlobalSection
EndGlobal
