
Microsoft Visual Studio Solution File, Format Version 9.00
# Visual Studio 2005
Project("{8BC9CEB8-8B4A-11D0-8D11-00A0C91BC942}") = "ImageExtractionWindows", "ImageExtractionWindows.vcproj", "{8AC8F19C-1A7B-4D88-91D1-7F5A46F6A64E}"
EndProject
Global
	GlobalSection(SolutionConfigurationPlatforms) = preSolution
		Debug|Win32 = Debug|Win32
		Release|Win32 = Release|Win32
	EndGlobalSection
	GlobalSection(ProjectConfigurationPlatforms) = postSolution
		{8AC8F19C-1A7B-4D88-91D1-7F5A46F6A64E}.Debug|Win32.ActiveCfg = Debug|Win32
		{8AC8F19C-1A7B-4D88-91D1-7F5A46F6A64E}.Debug|Win32.Build.0 = Debug|Win32
		{8AC8F19C-1A7B-4D88-91D1-7F5A46F6A64E}.Release|Win32.ActiveCfg = Release|Win32
		{8AC8F19C-1A7B-4D88-91D1-7F5A46F6A64E}.Release|Win32.Build.0 = Release|Win32
	EndGlobalSection
	GlobalSection(SolutionProperties) = preSolution
		HideSolutionNode = FALSE
	EndGlobalSection
EndGlobal
