<?xml version="1.0" encoding="utf-8"?>
<Project ToolsVersion="4.0" xmlns="http://schemas.microsoft.com/developer/msbuild/2003">
  <ItemGroup>
    <Filter Include="Header Files">
      <UniqueIdentifier>{93995380-89BD-4b04-88EB-625FBE52EBFB}</UniqueIdentifier>
      <Extensions>h;hpp;hxx;hm;inl;inc;xsd</Extensions>
    </Filter>
    <Filter Include="Resource Files">
      <UniqueIdentifier>{67DA6AB6-F800-4c08-8B7A-83BB121AAD01}</UniqueIdentifier>
      <Extensions>rc;ico;cur;bmp;dlg;rc2;rct;bin;rgs;gif;jpg;jpeg;jpe;resx</Extensions>
    </Filter>
    <Filter Include="Source Files">
      <UniqueIdentifier>{4FC737F1-C7A5-4376-A066-2A32D752A2FF}</UniqueIdentifier>
      <Extensions>cpp;c;cc;cxx;def;odl;idl;hpj;bat;asm;asmx</Extensions>
    </Filter>
  </ItemGroup>
  <ItemGroup>
    <ClInclude Include="CTD_Plus_Data.h">
      <Filter>Header Files</Filter>
    </ClInclude>
    <ClInclude Include="GPSDataPoint.h">
      <Filter>Header Files</Filter>
    </ClInclude>
    <ClInclude Include="Instrument.h">
      <Filter>Header Files</Filter>
    </ClInclude>
    <ClInclude Include="InstrumentData.h">
      <Filter>Header Files</Filter>
    </ClInclude>
    <ClInclude Include="InstrumentDataBatteryMeter.h">
      <Filter>Header Files</Filter>
    </ClInclude>
    <ClInclude Include="InstrumentDataCTDplus.h">
      <Filter>Header Files</Filter>
    </ClInclude>
    <ClInclude Include="InstrumentDataFileManager.h">
      <Filter>Header Files</Filter>
    </ClInclude>
    <ClInclude Include="InstrumentDataFlowMeter1.h">
      <Filter>Header Files</Filter>
    </ClInclude>
    <ClInclude Include="InstrumentDataGPS.h">
      <Filter>Header Files</Filter>
    </ClInclude>
    <ClInclude Include="InstrumentDataList.h">
      <Filter>Header Files</Filter>
    </ClInclude>
    <ClInclude Include="InstrumentDataManager.h">
      <Filter>Header Files</Filter>
    </ClInclude>
    <ClInclude Include="InstrumentDataMeans.h">
      <Filter>Header Files</Filter>
    </ClInclude>
    <ClInclude Include="InstrumentDataPitchAndRoll.h">
      <Filter>Header Files</Filter>
    </ClInclude>
    <ClInclude Include="InstrumentDataReport.h">
      <Filter>Header Files</Filter>
    </ClInclude>
    <ClInclude Include="InstrumentDataUserMsgs.h">
      <Filter>Header Files</Filter>
    </ClInclude>
    <ClInclude Include="RasterSipper.h">
      <Filter>Header Files</Filter>
    </ClInclude>
    <ClInclude Include="Sipper3Buff.h">
      <Filter>Header Files</Filter>
    </ClInclude>
    <ClInclude Include="Sipper3RevBuff.h">
      <Filter>Header Files</Filter>
    </ClInclude>
    <ClInclude Include="SipperBuff.h">
      <Filter>Header Files</Filter>
    </ClInclude>
    <ClInclude Include="SipperBuff3Bit.h">
      <Filter>Header Files</Filter>
    </ClInclude>
    <ClInclude Include="SipperBuff4Bit.h">
      <Filter>Header Files</Filter>
    </ClInclude>
    <ClInclude Include="SipperBuffBinary.h">
      <Filter>Header Files</Filter>
    </ClInclude>
    <ClInclude Include="SipperCruise.h">
      <Filter>Header Files</Filter>
    </ClInclude>
    <ClInclude Include="SipperDeployment.h">
      <Filter>Header Files</Filter>
    </ClInclude>
    <ClInclude Include="SipperFile.h">
      <Filter>Header Files</Filter>
    </ClInclude>
    <ClInclude Include="SipperHeaderRec.h">
      <Filter>Header Files</Filter>
    </ClInclude>
    <ClInclude Include="SipperStation.h">
      <Filter>Header Files</Filter>
    </ClInclude>
    <ClInclude Include="SipperVariables.h">
      <Filter>Header Files</Filter>
    </ClInclude>
    <ClInclude Include="VolumeSampledStat.h">
      <Filter>Header Files</Filter>
    </ClInclude>
  </ItemGroup>
  <ItemGroup>
    <ClCompile Include="CTD_Plus_Data.cpp">
      <Filter>Source Files</Filter>
    </ClCompile>
    <ClCompile Include="GPSDataPoint.cpp">
      <Filter>Source Files</Filter>
    </ClCompile>
    <ClCompile Include="Instrument.cpp">
      <Filter>Source Files</Filter>
    </ClCompile>
    <ClCompile Include="InstrumentData.cpp">
      <Filter>Source Files</Filter>
    </ClCompile>
    <ClCompile Include="InstrumentDataBatteryMeter.cpp">
      <Filter>Source Files</Filter>
    </ClCompile>
    <ClCompile Include="InstrumentDataCTDplus.cpp">
      <Filter>Source Files</Filter>
    </ClCompile>
    <ClCompile Include="InstrumentDataFileManager.cpp">
      <Filter>Source Files</Filter>
    </ClCompile>
    <ClCompile Include="InstrumentDataFlowMeter1.cpp">
      <Filter>Source Files</Filter>
    </ClCompile>
    <ClCompile Include="InstrumentDataGPS.cpp">
      <Filter>Source Files</Filter>
    </ClCompile>
    <ClCompile Include="InstrumentDataList.cpp">
      <Filter>Source Files</Filter>
    </ClCompile>
    <ClCompile Include="InstrumentDataManager.cpp">
      <Filter>Source Files</Filter>
    </ClCompile>
    <ClCompile Include="InstrumentDataMeans.cpp">
      <Filter>Source Files</Filter>
    </ClCompile>
    <ClCompile Include="InstrumentDataPitchAndRoll.cpp">
      <Filter>Source Files</Filter>
    </ClCompile>
    <ClCompile Include="InstrumentDataReport.cpp">
      <Filter>Source Files</Filter>
    </ClCompile>
    <ClCompile Include="InstrumentDataUserMsgs.cpp">
      <Filter>Source Files</Filter>
    </ClCompile>
    <ClCompile Include="RasterSipper.cpp">
      <Filter>Source Files</Filter>
    </ClCompile>
    <ClCompile Include="Sipper3Buff.cpp">
      <Filter>Source Files</Filter>
    </ClCompile>
    <ClCompile Include="Sipper3RevBuff.cpp">
      <Filter>Source Files</Filter>
    </ClCompile>
    <ClCompile Include="SipperBuff.cpp">
      <Filter>Source Files</Filter>
    </ClCompile>
    <ClCompile Include="SipperBuff3Bit.cpp">
      <Filter>Source Files</Filter>
    </ClCompile>
    <ClCompile Include="SipperBuff4Bit.cpp">
      <Filter>Source Files</Filter>
    </ClCompile>
    <ClCompile Include="SipperBuffBinary.cpp">
      <Filter>Source Files</Filter>
    </ClCompile>
    <ClCompile Include="SipperCruise.cpp">
      <Filter>Source Files</Filter>
    </ClCompile>
    <ClCompile Include="SipperDeployment.cpp">
      <Filter>Source Files</Filter>
    </ClCompile>
    <ClCompile Include="SipperFile.cpp">
      <Filter>Source Files</Filter>
    </ClCompile>
    <ClCompile Include="SipperHeaderRec.cpp">
      <Filter>Source Files</Filter>
    </ClCompile>
    <ClCompile Include="SipperStation.cpp">
      <Filter>Source Files</Filter>
    </ClCompile>
    <ClCompile Include="SipperVariables.cpp">
      <Filter>Source Files</Filter>
    </ClCompile>
    <ClCompile Include="VolumeSampledStat.cpp">
      <Filter>Source Files</Filter>
    </ClCompile>
  </ItemGroup>
  <ItemGroup>
    <None Include="Makefile" />
  </ItemGroup>
</Project>