
Microsoft Visual Studio Solution File, Format Version 10.00
# Visual Studio 2008
Project("{8BC9CEB8-8B4A-11D0-8D11-00A0C91BC942}") = "example", "example.vcproj", "{9D5CD3A6-FD20-4ACE-8E19-944B4E183E89}"
	ProjectSection(ProjectDependencies) = postProject
		{7C37D3E1-52BA-4DC0-9C7B-49375BF46B37} = {7C37D3E1-52BA-4DC0-9C7B-49375BF46B37}
	EndProjectSection
EndProject
Project("{8BC9CEB8-8B4A-11D0-8D11-00A0C91BC942}") = "minigzip", "minigzip.vcproj", "{18FB0A53-92FC-4479-A3B7-EE41688F1E52}"
	ProjectSection(ProjectDependencies) = postProject
		{7C37D3E1-52BA-4DC0-9C7B-49375BF46B37} = {7C37D3E1-52BA-4DC0-9C7B-49375BF46B37}
	EndProjectSection
EndProject
Project("{8BC9CEB8-8B4A-11D0-8D11-00A0C91BC942}") = "zlib", "zlib.vcproj", "{7C37D3E1-52BA-4DC0-9C7B-49375BF46B37}"
EndProject
Global
	GlobalSection(SolutionConfigurationPlatforms) = preSolution
		DLL ASM Debug|Win32 = DLL ASM Debug|Win32
		DLL ASM Release|Win32 = DLL ASM Release|Win32
		DLL Debug|Win32 = DLL Debug|Win32
		DLL Release|Win32 = DLL Release|Win32
		LIB ASM Debug|Win32 = LIB ASM Debug|Win32
		LIB ASM Release|Win32 = LIB ASM Release|Win32
		LIB Debug|Win32 = LIB Debug|Win32
		LIB Release|Win32 = LIB Release|Win32
	EndGlobalSection
	GlobalSection(ProjectConfigurationPlatforms) = postSolution
		{9D5CD3A6-FD20-4ACE-8E19-944B4E183E89}.DLL ASM Debug|Win32.ActiveCfg = DLL ASM Debug|Win32
		{9D5CD3A6-FD20-4ACE-8E19-944B4E183E89}.DLL ASM Debug|Win32.Build.0 = DLL ASM Debug|Win32
		{9D5CD3A6-FD20-4ACE-8E19-944B4E183E89}.DLL ASM Release|Win32.ActiveCfg = DLL ASM Release|Win32
		{9D5CD3A6-FD20-4ACE-8E19-944B4E183E89}.DLL ASM Release|Win32.Build.0 = DLL ASM Release|Win32
		{9D5CD3A6-FD20-4ACE-8E19-944B4E183E89}.DLL Debug|Win32.ActiveCfg = DLL Debug|Win32
		{9D5CD3A6-FD20-4ACE-8E19-944B4E183E89}.DLL Debug|Win32.Build.0 = DLL Debug|Win32
		{9D5CD3A6-FD20-4ACE-8E19-944B4E183E89}.DLL Release|Win32.ActiveCfg = DLL Release|Win32
		{9D5CD3A6-FD20-4ACE-8E19-944B4E183E89}.DLL Release|Win32.Build.0 = DLL Release|Win32
		{9D5CD3A6-FD20-4ACE-8E19-944B4E183E89}.LIB ASM Debug|Win32.ActiveCfg = LIB ASM Debug|Win32
		{9D5CD3A6-FD20-4ACE-8E19-944B4E183E89}.LIB ASM Debug|Win32.Build.0 = LIB ASM Debug|Win32
		{9D5CD3A6-FD20-4ACE-8E19-944B4E183E89}.LIB ASM Release|Win32.ActiveCfg = LIB ASM Release|Win32
		{9D5CD3A6-FD20-4ACE-8E19-944B4E183E89}.LIB ASM Release|Win32.Build.0 = LIB ASM Release|Win32
		{9D5CD3A6-FD20-4ACE-8E19-944B4E183E89}.LIB Debug|Win32.ActiveCfg = LIB Debug|Win32
		{9D5CD3A6-FD20-4ACE-8E19-944B4E183E89}.LIB Debug|Win32.Build.0 = LIB Debug|Win32
		{9D5CD3A6-FD20-4ACE-8E19-944B4E183E89}.LIB Release|Win32.ActiveCfg = LIB Release|Win32
		{9D5CD3A6-FD20-4ACE-8E19-944B4E183E89}.LIB Release|Win32.Build.0 = LIB Release|Win32
		{18FB0A53-92FC-4479-A3B7-EE41688F1E52}.DLL ASM Debug|Win32.ActiveCfg = DLL ASM Debug|Win32
		{18FB0A53-92FC-4479-A3B7-EE41688F1E52}.DLL ASM Debug|Win32.Build.0 = DLL ASM Debug|Win32
		{18FB0A53-92FC-4479-A3B7-EE41688F1E52}.DLL ASM Release|Win32.ActiveCfg = DLL ASM Release|Win32
		{18FB0A53-92FC-4479-A3B7-EE41688F1E52}.DLL ASM Release|Win32.Build.0 = DLL ASM Release|Win32
		{18FB0A53-92FC-4479-A3B7-EE41688F1E52}.DLL Debug|Win32.ActiveCfg = DLL Debug|Win32
		{18FB0A53-92FC-4479-A3B7-EE41688F1E52}.DLL Debug|Win32.Build.0 = DLL Debug|Win32
		{18FB0A53-92FC-4479-A3B7-EE41688F1E52}.DLL Release|Win32.ActiveCfg = DLL Release|Win32
		{18FB0A53-92FC-4479-A3B7-EE41688F1E52}.DLL Release|Win32.Build.0 = DLL Release|Win32
		{18FB0A53-92FC-4479-A3B7-EE41688F1E52}.LIB ASM Debug|Win32.ActiveCfg = LIB ASM Debug|Win32
		{18FB0A53-92FC-4479-A3B7-EE41688F1E52}.LIB ASM Debug|Win32.Build.0 = LIB ASM Debug|Win32
		{18FB0A53-92FC-4479-A3B7-EE41688F1E52}.LIB ASM Release|Win32.ActiveCfg = LIB ASM Release|Win32
		{18FB0A53-92FC-4479-A3B7-EE41688F1E52}.LIB ASM Release|Win32.Build.0 = LIB ASM Release|Win32
		{18FB0A53-92FC-4479-A3B7-EE41688F1E52}.LIB Debug|Win32.ActiveCfg = LIB Debug|Win32
		{18FB0A53-92FC-4479-A3B7-EE41688F1E52}.LIB Debug|Win32.Build.0 = LIB Debug|Win32
		{18FB0A53-92FC-4479-A3B7-EE41688F1E52}.LIB Release|Win32.ActiveCfg = LIB Release|Win32
		{18FB0A53-92FC-4479-A3B7-EE41688F1E52}.LIB Release|Win32.Build.0 = LIB Release|Win32
		{7C37D3E1-52BA-4DC0-9C7B-49375BF46B37}.DLL ASM Debug|Win32.ActiveCfg = DLL ASM Debug|Win32
		{7C37D3E1-52BA-4DC0-9C7B-49375BF46B37}.DLL ASM Debug|Win32.Build.0 = DLL ASM Debug|Win32
		{7C37D3E1-52BA-4DC0-9C7B-49375BF46B37}.DLL ASM Release|Win32.ActiveCfg = DLL ASM Release|Win32
		{7C37D3E1-52BA-4DC0-9C7B-49375BF46B37}.DLL ASM Release|Win32.Build.0 = DLL ASM Release|Win32
		{7C37D3E1-52BA-4DC0-9C7B-49375BF46B37}.DLL Debug|Win32.ActiveCfg = DLL Debug|Win32
		{7C37D3E1-52BA-4DC0-9C7B-49375BF46B37}.DLL Debug|Win32.Build.0 = DLL Debug|Win32
		{7C37D3E1-52BA-4DC0-9C7B-49375BF46B37}.DLL Release|Win32.ActiveCfg = DLL Release|Win32
		{7C37D3E1-52BA-4DC0-9C7B-49375BF46B37}.DLL Release|Win32.Build.0 = DLL Release|Win32
		{7C37D3E1-52BA-4DC0-9C7B-49375BF46B37}.LIB ASM Debug|Win32.ActiveCfg = LIB ASM Debug|Win32
		{7C37D3E1-52BA-4DC0-9C7B-49375BF46B37}.LIB ASM Debug|Win32.Build.0 = LIB ASM Debug|Win32
		{7C37D3E1-52BA-4DC0-9C7B-49375BF46B37}.LIB ASM Release|Win32.ActiveCfg = LIB ASM Release|Win32
		{7C37D3E1-52BA-4DC0-9C7B-49375BF46B37}.LIB ASM Release|Win32.Build.0 = LIB ASM Release|Win32
		{7C37D3E1-52BA-4DC0-9C7B-49375BF46B37}.LIB Debug|Win32.ActiveCfg = LIB Debug|Win32
		{7C37D3E1-52BA-4DC0-9C7B-49375BF46B37}.LIB Debug|Win32.Build.0 = LIB Debug|Win32
		{7C37D3E1-52BA-4DC0-9C7B-49375BF46B37}.LIB Release|Win32.ActiveCfg = LIB Release|Win32
		{7C37D3E1-52BA-4DC0-9C7B-49375BF46B37}.LIB Release|Win32.Build.0 = LIB Release|Win32
	EndGlobalSection
	GlobalSection(SolutionProperties) = preSolution
		HideSolutionNode = FALSE
	EndGlobalSection
EndGlobal
