<?xml version="1.0" encoding="utf-8"?>
<Project ToolsVersion="4.0" xmlns="http://schemas.microsoft.com/developer/msbuild/2003">
  <ItemGroup>
    <Filter Include="Header Files">
      <UniqueIdentifier>{93995380-89BD-4b04-88EB-625FBE52EBFB}</UniqueIdentifier>
      <Extensions>h;hpp;hxx;hm;inl;inc;xsd</Extensions>
    </Filter>
    <Filter Include="Resource Files">
      <UniqueIdentifier>{67DA6AB6-F800-4c08-8B7A-83BB121AAD01}</UniqueIdentifier>
      <Extensions>rc;ico;cur;bmp;dlg;rc2;rct;bin;rgs;gif;jpg;jpeg;jpe;resx</Extensions>
    </Filter>
    <Filter Include="Source Files">
      <UniqueIdentifier>{4FC737F1-C7A5-4376-A066-2A32D752A2FF}</UniqueIdentifier>
      <Extensions>cpp;c;cc;cxx;def;odl;idl;hpj;bat;asm;asmx</Extensions>
    </Filter>
  </ItemGroup>
  <ItemGroup>
    <ClInclude Include="AbundanceCorrectionMatrix.h">
      <Filter>Header Files</Filter>
    </ClInclude>
    <ClInclude Include="Attribute.h">
      <Filter>Header Files</Filter>
    </ClInclude>
    <ClInclude Include="BinaryClassParms.h">
      <Filter>Header Files</Filter>
    </ClInclude>
    <ClInclude Include="BitReduction.h">
      <Filter>Header Files</Filter>
    </ClInclude>
    <ClInclude Include="ChainHash.h">
      <Filter>Header Files</Filter>
    </ClInclude>
    <ClInclude Include="ClassAssignments.h">
      <Filter>Header Files</Filter>
    </ClInclude>
    <ClInclude Include="ClassificationBiasMatrix.h">
      <Filter>Header Files</Filter>
    </ClInclude>
    <ClInclude Include="Classifier2.h">
      <Filter>Header Files</Filter>
    </ClInclude>
    <ClInclude Include="ClassProb.h">
      <Filter>Header Files</Filter>
    </ClInclude>
    <ClInclude Include="ClassStatistic.h">
      <Filter>Header Files</Filter>
    </ClInclude>
    <ClInclude Include="ConfusionMatrix2.h">
      <Filter>Header Files</Filter>
    </ClInclude>
    <ClInclude Include="CrossValidation.h">
      <Filter>Header Files</Filter>
    </ClInclude>
    <ClInclude Include="CrossValidationMxN.h">
      <Filter>Header Files</Filter>
    </ClInclude>
    <ClInclude Include="CrossValidationThreeWay.h">
      <Filter>Header Files</Filter>
    </ClInclude>
    <ClInclude Include="CrossValidationVoting.h">
      <Filter>Header Files</Filter>
    </ClInclude>
    <ClInclude Include="DataBase.h">
      <Filter>Header Files</Filter>
    </ClInclude>
    <ClInclude Include="DataBaseImage.h">
      <Filter>Header Files</Filter>
    </ClInclude>
    <ClInclude Include="DataBaseImageEntry.h">
      <Filter>Header Files</Filter>
    </ClInclude>
    <ClInclude Include="DataBaseImageGroup.h">
      <Filter>Header Files</Filter>
    </ClInclude>
    <ClInclude Include="DataBaseImageGroupEntry.h">
      <Filter>Header Files</Filter>
    </ClInclude>
    <ClInclude Include="DataBaseImageValidatedEntry.h">
      <Filter>Header Files</Filter>
    </ClInclude>
    <ClInclude Include="DataBaseLogEntry.h">
      <Filter>Header Files</Filter>
    </ClInclude>
    <ClInclude Include="DataBaseServer.h">
      <Filter>Header Files</Filter>
    </ClInclude>
    <ClInclude Include="DataBaseUpdate.h">
      <Filter>Header Files</Filter>
    </ClInclude>
    <ClInclude Include="DuplicateImages.h">
      <Filter>Header Files</Filter>
    </ClInclude>
    <ClInclude Include="FeatureEncoder.h">
      <Filter>Header Files</Filter>
    </ClInclude>
    <ClInclude Include="FeatureEncoder2.h">
      <Filter>Header Files</Filter>
    </ClInclude>
    <ClInclude Include="FeatureFileIO.h">
      <Filter>Header Files</Filter>
    </ClInclude>
    <ClInclude Include="FeatureFileIOArff.h">
      <Filter>Header Files</Filter>
    </ClInclude>
    <ClInclude Include="FeatureFileIOC45.h">
      <Filter>Header Files</Filter>
    </ClInclude>
    <ClInclude Include="FeatureFileIOColumn.h">
      <Filter>Header Files</Filter>
    </ClInclude>
    <ClInclude Include="FeatureFileIODstWeb.h">
      <Filter>Header Files</Filter>
    </ClInclude>
    <ClInclude Include="FeatureFileIOPices.h">
      <Filter>Header Files</Filter>
    </ClInclude>
    <ClInclude Include="FeatureFileIORoberts.h">
      <Filter>Header Files</Filter>
    </ClInclude>
    <ClInclude Include="FeatureFileIOSparse.h">
      <Filter>Header Files</Filter>
    </ClInclude>
    <ClInclude Include="FeatureFileIOUCI.h">
      <Filter>Header Files</Filter>
    </ClInclude>
    <ClInclude Include="FeatureNumList.h">
      <Filter>Header Files</Filter>
    </ClInclude>
    <ClInclude Include="FeatureVector.h">
      <Filter>Header Files</Filter>
    </ClInclude>
    <ClInclude Include="FileDesc.h">
      <Filter>Header Files</Filter>
    </ClInclude>
    <ClInclude Include="ImageFeatures.h">
      <Filter>Header Files</Filter>
    </ClInclude>
    <ClInclude Include="ImageFeaturesDataIndexed.h">
      <Filter>Header Files</Filter>
    </ClInclude>
    <ClInclude Include="ImageFeaturesNameIndexed.h">
      <Filter>Header Files</Filter>
    </ClInclude>
    <ClInclude Include="ImageSizeDistribution.h">
      <Filter>Header Files</Filter>
    </ClInclude>
    <ClInclude Include="KArray.h">
      <Filter>Header Files</Filter>
    </ClInclude>
    <ClInclude Include="MLClass.h">
      <Filter>Header Files</Filter>
    </ClInclude>
    <ClInclude Include="MLClassConstList.h">
      <Filter>Header Files</Filter>
    </ClInclude>
    <ClInclude Include="MLLTypes.h">
      <Filter>Header Files</Filter>
    </ClInclude>
    <ClInclude Include="Model.h">
      <Filter>Header Files</Filter>
    </ClInclude>
    <ClInclude Include="ModelDual.h">
      <Filter>Header Files</Filter>
    </ClInclude>
    <ClInclude Include="ModelKnn.h">
      <Filter>Header Files</Filter>
    </ClInclude>
    <ClInclude Include="ModelOldSVM.h">
      <Filter>Header Files</Filter>
    </ClInclude>
    <ClInclude Include="ModelParam.h">
      <Filter>Header Files</Filter>
    </ClInclude>
    <ClInclude Include="ModelParamDual.h">
      <Filter>Header Files</Filter>
    </ClInclude>
    <ClInclude Include="ModelParamKnn.h">
      <Filter>Header Files</Filter>
    </ClInclude>
    <ClInclude Include="ModelParamOldSVM.h">
      <Filter>Header Files</Filter>
    </ClInclude>
    <ClInclude Include="ModelParamSvmBase.h">
      <Filter>Header Files</Filter>
    </ClInclude>
    <ClInclude Include="ModelParamUsfCasCor.h">
      <Filter>Header Files</Filter>
    </ClInclude>
    <ClInclude Include="ModelSvmBase.h">
      <Filter>Header Files</Filter>
    </ClInclude>
    <ClInclude Include="ModelUsfCasCor.h">
      <Filter>Header Files</Filter>
    </ClInclude>
    <ClInclude Include="NormalizationParms.h">
      <Filter>Header Files</Filter>
    </ClInclude>
    <ClInclude Include="Orderings.h">
      <Filter>Header Files</Filter>
    </ClInclude>
    <ClInclude Include="PicesApplication.h">
      <Filter>Header Files</Filter>
    </ClInclude>
    <ClInclude Include="SipperBlob.h">
      <Filter>Header Files</Filter>
    </ClInclude>
    <ClInclude Include="SipperExtractionImageManager.h">
      <Filter>Header Files</Filter>
    </ClInclude>
    <ClInclude Include="SizeDistribution.h">
      <Filter>Header Files</Filter>
    </ClInclude>
    <ClInclude Include="svm.h">
      <Filter>Header Files</Filter>
    </ClInclude>
    <ClInclude Include="svm2.h">
      <Filter>Header Files</Filter>
    </ClInclude>
    <ClInclude Include="svm289_BFS.h">
      <Filter>Header Files</Filter>
    </ClInclude>
    <ClInclude Include="SVMModel.h">
      <Filter>Header Files</Filter>
    </ClInclude>
    <ClInclude Include="SVMparam.h">
      <Filter>Header Files</Filter>
    </ClInclude>
    <ClInclude Include="SvmWrapper.h">
      <Filter>Header Files</Filter>
    </ClInclude>
    <ClInclude Include="TrainingClass.h">
      <Filter>Header Files</Filter>
    </ClInclude>
    <ClInclude Include="TrainingConfiguration2.h">
      <Filter>Header Files</Filter>
    </ClInclude>
    <ClInclude Include="TrainingProcess2.h">
      <Filter>Header Files</Filter>
    </ClInclude>
    <ClInclude Include="UsfCasCor.h">
      <Filter>Header Files</Filter>
    </ClInclude>
  </ItemGroup>
  <ItemGroup>
    <ClCompile Include="AbundanceCorrectionMatrix.cpp">
      <Filter>Source Files</Filter>
    </ClCompile>
    <ClCompile Include="Attribute.cpp">
      <Filter>Source Files</Filter>
    </ClCompile>
    <ClCompile Include="BinaryClassParms.cpp">
      <Filter>Source Files</Filter>
    </ClCompile>
    <ClCompile Include="BitReduction.cpp">
      <Filter>Source Files</Filter>
    </ClCompile>
    <ClCompile Include="ChainHash.cpp">
      <Filter>Source Files</Filter>
    </ClCompile>
    <ClCompile Include="ClassAssignments.cpp">
      <Filter>Source Files</Filter>
    </ClCompile>
    <ClCompile Include="ClassificationBiasMatrix.cpp">
      <Filter>Source Files</Filter>
    </ClCompile>
    <ClCompile Include="Classifier2.cpp">
      <Filter>Source Files</Filter>
    </ClCompile>
    <ClCompile Include="ClassProb.cpp">
      <Filter>Source Files</Filter>
    </ClCompile>
    <ClCompile Include="ClassStatistic.cpp">
      <Filter>Source Files</Filter>
    </ClCompile>
    <ClCompile Include="ConfusionMatrix2.cpp">
      <Filter>Source Files</Filter>
    </ClCompile>
    <ClCompile Include="CrossValidation.cpp">
      <Filter>Source Files</Filter>
    </ClCompile>
    <ClCompile Include="CrossValidationMxN.cpp">
      <Filter>Source Files</Filter>
    </ClCompile>
    <ClCompile Include="CrossValidationThreeWay.cpp">
      <Filter>Source Files</Filter>
    </ClCompile>
    <ClCompile Include="CrossValidationVoting.cpp">
      <Filter>Source Files</Filter>
    </ClCompile>
    <ClCompile Include="DataBase.cpp">
      <Filter>Source Files</Filter>
    </ClCompile>
    <ClCompile Include="DataBaseImage.cpp">
      <Filter>Source Files</Filter>
    </ClCompile>
    <ClCompile Include="DataBaseImageEntry.cpp">
      <Filter>Source Files</Filter>
    </ClCompile>
    <ClCompile Include="DataBaseImageGroup.cpp">
      <Filter>Source Files</Filter>
    </ClCompile>
    <ClCompile Include="DataBaseImageGroupEntry.cpp">
      <Filter>Source Files</Filter>
    </ClCompile>
    <ClCompile Include="DataBaseImageValidatedEntry.cpp">
      <Filter>Source Files</Filter>
    </ClCompile>
    <ClCompile Include="DataBaseLogEntry.cpp">
      <Filter>Source Files</Filter>
    </ClCompile>
    <ClCompile Include="DataBaseServer.cpp">
      <Filter>Source Files</Filter>
    </ClCompile>
    <ClCompile Include="DataBaseUpdate.cpp">
      <Filter>Source Files</Filter>
    </ClCompile>
    <ClCompile Include="DuplicateImages.cpp">
      <Filter>Source Files</Filter>
    </ClCompile>
    <ClCompile Include="FeatureEncoder.cpp">
      <Filter>Source Files</Filter>
    </ClCompile>
    <ClCompile Include="FeatureEncoder2.cpp">
      <Filter>Source Files</Filter>
    </ClCompile>
    <ClCompile Include="FeatureFileIO.cpp">
      <Filter>Source Files</Filter>
    </ClCompile>
    <ClCompile Include="FeatureFileIOArff.cpp">
      <Filter>Source Files</Filter>
    </ClCompile>
    <ClCompile Include="FeatureFileIOC45.cpp">
      <Filter>Source Files</Filter>
    </ClCompile>
    <ClCompile Include="FeatureFileIOColumn.cpp">
      <Filter>Source Files</Filter>
    </ClCompile>
    <ClCompile Include="FeatureFileIODstWeb.cpp">
      <Filter>Source Files</Filter>
    </ClCompile>
    <ClCompile Include="FeatureFileIOPices.cpp">
      <Filter>Source Files</Filter>
    </ClCompile>
    <ClCompile Include="FeatureFileIORoberts.cpp">
      <Filter>Source Files</Filter>
    </ClCompile>
    <ClCompile Include="FeatureFileIOSparse.cpp">
      <Filter>Source Files</Filter>
    </ClCompile>
    <ClCompile Include="FeatureFileIOUCI.cpp">
      <Filter>Source Files</Filter>
    </ClCompile>
    <ClCompile Include="FeatureNumList.cpp">
      <Filter>Source Files</Filter>
    </ClCompile>
    <ClCompile Include="FeatureVector.cpp">
      <Filter>Source Files</Filter>
    </ClCompile>
    <ClCompile Include="FileDesc.cpp">
      <Filter>Source Files</Filter>
    </ClCompile>
    <ClCompile Include="ImageFeatures.cpp">
      <Filter>Source Files</Filter>
    </ClCompile>
    <ClCompile Include="ImageFeaturesDataIndexed.cpp">
      <Filter>Source Files</Filter>
    </ClCompile>
    <ClCompile Include="ImageFeaturesNameIndexed.cpp">
      <Filter>Source Files</Filter>
    </ClCompile>
    <ClCompile Include="ImageSizeDistribution.cpp">
      <Filter>Source Files</Filter>
    </ClCompile>
    <ClCompile Include="MLClass.cpp">
      <Filter>Source Files</Filter>
    </ClCompile>
    <ClCompile Include="MLClassConstList.cpp">
      <Filter>Source Files</Filter>
    </ClCompile>
    <ClCompile Include="Model.cpp">
      <Filter>Source Files</Filter>
    </ClCompile>
    <ClCompile Include="ModelDual.cpp">
      <Filter>Source Files</Filter>
    </ClCompile>
    <ClCompile Include="ModelKnn.cpp">
      <Filter>Source Files</Filter>
    </ClCompile>
    <ClCompile Include="ModelOldSVM.cpp">
      <Filter>Source Files</Filter>
    </ClCompile>
    <ClCompile Include="ModelParam.cpp">
      <Filter>Source Files</Filter>
    </ClCompile>
    <ClCompile Include="ModelParamDual.cpp">
      <Filter>Source Files</Filter>
    </ClCompile>
    <ClCompile Include="ModelParamKnn.cpp">
      <Filter>Source Files</Filter>
    </ClCompile>
    <ClCompile Include="ModelParamOldSVM.cpp">
      <Filter>Source Files</Filter>
    </ClCompile>
    <ClCompile Include="ModelParamSvmBase.cpp">
      <Filter>Source Files</Filter>
    </ClCompile>
    <ClCompile Include="ModelParamUsfCasCor.cpp">
      <Filter>Source Files</Filter>
    </ClCompile>
    <ClCompile Include="ModelSvmBase.cpp">
      <Filter>Source Files</Filter>
    </ClCompile>
    <ClCompile Include="ModelUsfCasCor.cpp">
      <Filter>Source Files</Filter>
    </ClCompile>
    <ClCompile Include="NormalizationParms.cpp">
      <Filter>Source Files</Filter>
    </ClCompile>
    <ClCompile Include="Orderings.cpp">
      <Filter>Source Files</Filter>
    </ClCompile>
    <ClCompile Include="PicesApplication.cpp">
      <Filter>Source Files</Filter>
    </ClCompile>
    <ClCompile Include="SipperBlob.cpp">
      <Filter>Source Files</Filter>
    </ClCompile>
    <ClCompile Include="SipperExtractionImageManager.cpp">
      <Filter>Source Files</Filter>
    </ClCompile>
    <ClCompile Include="SizeDistribution.cpp">
      <Filter>Source Files</Filter>
    </ClCompile>
    <ClCompile Include="svm.cpp">
      <Filter>Source Files</Filter>
    </ClCompile>
    <ClCompile Include="svm2.cpp">
      <Filter>Source Files</Filter>
    </ClCompile>
    <ClCompile Include="svm289_BFS.cpp">
      <Filter>Source Files</Filter>
    </ClCompile>
    <ClCompile Include="SVMModel.cpp">
      <Filter>Source Files</Filter>
    </ClCompile>
    <ClCompile Include="SVMparam.cpp">
      <Filter>Source Files</Filter>
    </ClCompile>
    <ClCompile Include="SvmWrapper.cpp">
      <Filter>Source Files</Filter>
    </ClCompile>
    <ClCompile Include="TrainingClass.cpp">
      <Filter>Source Files</Filter>
    </ClCompile>
    <ClCompile Include="TrainingConfiguration2.cpp">
      <Filter>Source Files</Filter>
    </ClCompile>
    <ClCompile Include="TrainingProcess2.cpp">
      <Filter>Source Files</Filter>
    </ClCompile>
    <ClCompile Include="UsfCasCor.cpp">
      <Filter>Source Files</Filter>
    </ClCompile>
  </ItemGroup>
  <ItemGroup>
    <None Include="Makefile" />
  </ItemGroup>
</Project>