<?xml version="1.0" encoding="utf-8"?>
<Project ToolsVersion="4.0" xmlns="http://schemas.microsoft.com/developer/msbuild/2003">
  <ItemGroup>
    <Filter Include="Source Files">
      <UniqueIdentifier>{4FC737F1-C7A5-4376-A066-2A32D752A2FF}</UniqueIdentifier>
      <Extensions>cpp;c;cxx;def;odl;idl;hpj;bat;asm;asmx</Extensions>
    </Filter>
    <Filter Include="Header Files">
      <UniqueIdentifier>{93995380-89BD-4b04-88EB-625FBE52EBFB}</UniqueIdentifier>
      <Extensions>h;hpp;hxx;hm;inl;inc;xsd</Extensions>
    </Filter>
    <Filter Include="Resource Files">
      <UniqueIdentifier>{67DA6AB6-F800-4c08-8B7A-83BB121AAD01}</UniqueIdentifier>
      <Extensions>rc;ico;cur;bmp;dlg;rc2;rct;bin;rgs;gif;jpg;jpeg;jpe;resx</Extensions>
    </Filter>
  </ItemGroup>
  <ItemGroup>
    <ClCompile Include="AccByFeatureSel.cpp">
      <Filter>Source Files</Filter>
    </ClCompile>
    <ClCompile Include="BinaryClass.cpp">
      <Filter>Source Files</Filter>
    </ClCompile>
    <ClCompile Include="BinaryJob.cpp">
      <Filter>Source Files</Filter>
    </ClCompile>
    <ClCompile Include="BinaryJobList.cpp">
      <Filter>Source Files</Filter>
    </ClCompile>
    <ClCompile Include="FeatureImpact.cpp">
      <Filter>Source Files</Filter>
    </ClCompile>
    <ClCompile Include="FeatureSelection.cpp">
      <Filter>Source Files</Filter>
    </ClCompile>
    <ClCompile Include="FeatureSelectionTypes.cpp">
      <Filter>Source Files</Filter>
    </ClCompile>
    <ClCompile Include="FinalResults.cpp">
      <Filter>Source Files</Filter>
    </ClCompile>
    <ClCompile Include="JobRandomSplit.cpp">
      <Filter>Source Files</Filter>
    </ClCompile>
    <ClCompile Include="JobValidation.cpp">
      <Filter>Source Files</Filter>
    </ClCompile>
    <ClCompile Include="ParmSearchResultsProcessor.cpp">
      <Filter>Source Files</Filter>
    </ClCompile>
    <ClCompile Include="Processor.cpp">
      <Filter>Source Files</Filter>
    </ClCompile>
    <ClCompile Include="RandomSplitResults.cpp">
      <Filter>Source Files</Filter>
    </ClCompile>
    <ClCompile Include="Results.cpp">
      <Filter>Source Files</Filter>
    </ClCompile>
    <ClCompile Include="ValidationResults.cpp">
      <Filter>Source Files</Filter>
    </ClCompile>
  </ItemGroup>
  <ItemGroup>
    <None Include="Makefile">
      <Filter>Source Files</Filter>
    </None>
  </ItemGroup>
  <ItemGroup>
    <ClInclude Include="AccByFeatureSel.h">
      <Filter>Header Files</Filter>
    </ClInclude>
    <ClInclude Include="BinaryClass.h">
      <Filter>Header Files</Filter>
    </ClInclude>
    <ClInclude Include="BinaryJob.h">
      <Filter>Header Files</Filter>
    </ClInclude>
    <ClInclude Include="BinaryJobList.h">
      <Filter>Header Files</Filter>
    </ClInclude>
    <ClInclude Include="FeatureImpact.h">
      <Filter>Header Files</Filter>
    </ClInclude>
    <ClInclude Include="FeatureSelection.h">
      <Filter>Header Files</Filter>
    </ClInclude>
    <ClInclude Include="FeatureSelectionTypes.h">
      <Filter>Header Files</Filter>
    </ClInclude>
    <ClInclude Include="FinalResults.h">
      <Filter>Header Files</Filter>
    </ClInclude>
    <ClInclude Include="JobRandomSplit.h">
      <Filter>Header Files</Filter>
    </ClInclude>
    <ClInclude Include="JobValidation.h">
      <Filter>Header Files</Filter>
    </ClInclude>
    <ClInclude Include="ParmSearchResultsProcessor.h">
      <Filter>Header Files</Filter>
    </ClInclude>
    <ClInclude Include="Processor.h">
      <Filter>Header Files</Filter>
    </ClInclude>
    <ClInclude Include="RandomSplitResults.h">
      <Filter>Header Files</Filter>
    </ClInclude>
    <ClInclude Include="Results.h">
      <Filter>Header Files</Filter>
    </ClInclude>
    <ClInclude Include="ValidationResults.h">
      <Filter>Header Files</Filter>
    </ClInclude>
  </ItemGroup>
</Project>