<?xml version="1.0" encoding="utf-8"?>
<Project ToolsVersion="4.0" xmlns="http://schemas.microsoft.com/developer/msbuild/2003">
  <ItemGroup>
    <Filter Include="Source Files">
      <UniqueIdentifier>{4FC737F1-C7A5-4376-A066-2A32D752A2FF}</UniqueIdentifier>
      <Extensions>cpp;c;cc;cxx;def;odl;idl;hpj;bat;asm;asmx</Extensions>
    </Filter>
    <Filter Include="Header Files">
      <UniqueIdentifier>{93995380-89BD-4b04-88EB-625FBE52EBFB}</UniqueIdentifier>
      <Extensions>h;hpp;hxx;hm;inl;inc;xsd</Extensions>
    </Filter>
    <Filter Include="Resource Files">
      <UniqueIdentifier>{67DA6AB6-F800-4c08-8B7A-83BB121AAD01}</UniqueIdentifier>
      <Extensions>rc;ico;cur;bmp;dlg;rc2;rct;bin;rgs;gif;jpg;jpeg;jpe;resx;tiff;tif;png;wav</Extensions>
    </Filter>
  </ItemGroup>
  <ItemGroup>
    <ClCompile Include="AssemblyInfo.cpp">
      <Filter>Source Files</Filter>
    </ClCompile>
    <ClCompile Include="ClassificationBiasMatrix.cpp">
      <Filter>Source Files</Filter>
    </ClCompile>
    <ClCompile Include="FeatureFileNamePrompter.cpp">
      <Filter>Source Files</Filter>
    </ClCompile>
    <ClCompile Include="OSservices.cpp">
      <Filter>Source Files</Filter>
    </ClCompile>
    <ClCompile Include="PicesAbundanceCorrectionMatrix.cpp">
      <Filter>Source Files</Filter>
    </ClCompile>
    <ClCompile Include="PicesClass.cpp">
      <Filter>Source Files</Filter>
    </ClCompile>
    <ClCompile Include="PicesClassList.cpp">
      <Filter>Source Files</Filter>
    </ClCompile>
    <ClCompile Include="PicesClassStatistic.cpp">
      <Filter>Source Files</Filter>
    </ClCompile>
    <ClCompile Include="PicesDataBase.cpp">
      <Filter>Source Files</Filter>
    </ClCompile>
    <ClCompile Include="PicesDataBaseImage.cpp">
      <Filter>Source Files</Filter>
    </ClCompile>
    <ClCompile Include="PicesDataBaseImageGroup.cpp">
      <Filter>Source Files</Filter>
    </ClCompile>
    <ClCompile Include="PicesDataBaseImageGroupEntry.cpp">
      <Filter>Source Files</Filter>
    </ClCompile>
    <ClCompile Include="PicesDataBaseLogEntry.cpp">
      <Filter>Source Files</Filter>
    </ClCompile>
    <ClCompile Include="PicesDataBaseServer.cpp">
      <Filter>Source Files</Filter>
    </ClCompile>
    <ClCompile Include="PicesDataBaseServerPrompter.cpp">
      <Filter>Source Files</Filter>
    </ClCompile>
    <ClCompile Include="PicesFeatureFileIO.cpp">
      <Filter>Source Files</Filter>
    </ClCompile>
    <ClCompile Include="PicesFeatureVector.cpp">
      <Filter>Source Files</Filter>
    </ClCompile>
    <ClCompile Include="PicesFeatureVectorList.cpp">
      <Filter>Source Files</Filter>
    </ClCompile>
    <ClCompile Include="PicesGoalKeeper.cpp">
      <Filter>Source Files</Filter>
    </ClCompile>
    <ClCompile Include="PicesGPSDataPoint.cpp">
      <Filter>Source Files</Filter>
    </ClCompile>
    <ClCompile Include="PicesImageSizeDistribution.cpp">
      <Filter>Source Files</Filter>
    </ClCompile>
    <ClCompile Include="PicesInstrumentData.cpp">
      <Filter>Source Files</Filter>
    </ClCompile>
    <ClCompile Include="PicesInstrumentDataFileManager.cpp">
      <Filter>Source Files</Filter>
    </ClCompile>
    <ClCompile Include="PicesInterface.cpp">
      <Filter>Source Files</Filter>
    </ClCompile>
    <ClCompile Include="PicesKKStr.cpp">
      <Filter>Source Files</Filter>
    </ClCompile>
    <ClCompile Include="PicesMethods.cpp">
      <Filter>Source Files</Filter>
    </ClCompile>
    <ClCompile Include="PicesMsgQueue.cpp">
      <Filter>Source Files</Filter>
    </ClCompile>
    <ClCompile Include="PicesPoint.cpp">
      <Filter>Source Files</Filter>
    </ClCompile>
    <ClCompile Include="PicesPrediction.cpp">
      <Filter>Source Files</Filter>
    </ClCompile>
    <ClCompile Include="PicesPredictionList.cpp">
      <Filter>Source Files</Filter>
    </ClCompile>
    <ClCompile Include="PicesRaster.cpp">
      <Filter>Source Files</Filter>
    </ClCompile>
    <ClCompile Include="PicesRunLog.cpp">
      <Filter>Source Files</Filter>
    </ClCompile>
    <ClCompile Include="PicesSipperCruise.cpp">
      <Filter>Source Files</Filter>
    </ClCompile>
    <ClCompile Include="PicesSipperDeployment.cpp">
      <Filter>Source Files</Filter>
    </ClCompile>
    <ClCompile Include="PicesSipperFile.cpp">
      <Filter>Source Files</Filter>
    </ClCompile>
    <ClCompile Include="PicesSipperStation.cpp">
      <Filter>Source Files</Filter>
    </ClCompile>
    <ClCompile Include="PicesSipperVariables.cpp">
      <Filter>Source Files</Filter>
    </ClCompile>
    <ClCompile Include="PicesTrainingClass.cpp">
      <Filter>Source Files</Filter>
    </ClCompile>
    <ClCompile Include="PicesTrainingConfiguration.cpp">
      <Filter>Source Files</Filter>
    </ClCompile>
    <ClCompile Include="PicesVolumeSampledStat.cpp">
      <Filter>Source Files</Filter>
    </ClCompile>
    <ClCompile Include="Stdafx.cpp">
      <Filter>Source Files</Filter>
    </ClCompile>
    <ClCompile Include="TrainingModel2.cpp">
      <Filter>Source Files</Filter>
    </ClCompile>
  </ItemGroup>
  <ItemGroup>
    <ClInclude Include="ClassificationBiasMatrix.h">
      <Filter>Header Files</Filter>
    </ClInclude>
    <ClInclude Include="FeatureFileNamePrompter.h">
      <Filter>Header Files</Filter>
    </ClInclude>
    <ClInclude Include="OSservices.h">
      <Filter>Header Files</Filter>
    </ClInclude>
    <ClInclude Include="PicesAbundanceCorrectionMatrix.h">
      <Filter>Header Files</Filter>
    </ClInclude>
    <ClInclude Include="PicesClass.h">
      <Filter>Header Files</Filter>
    </ClInclude>
    <ClInclude Include="PicesClassList.h">
      <Filter>Header Files</Filter>
    </ClInclude>
    <ClInclude Include="PicesClassStatistic.h">
      <Filter>Header Files</Filter>
    </ClInclude>
    <ClInclude Include="PicesDataBase.h">
      <Filter>Header Files</Filter>
    </ClInclude>
    <ClInclude Include="PicesDataBaseImage.h">
      <Filter>Header Files</Filter>
    </ClInclude>
    <ClInclude Include="PicesDataBaseImageGroup.h">
      <Filter>Header Files</Filter>
    </ClInclude>
    <ClInclude Include="PicesDataBaseImageGroupEntry.h">
      <Filter>Header Files</Filter>
    </ClInclude>
    <ClInclude Include="PicesDataBaseLogEntry.h">
      <Filter>Header Files</Filter>
    </ClInclude>
    <ClInclude Include="PicesDataBaseServer.h">
      <Filter>Header Files</Filter>
    </ClInclude>
    <ClInclude Include="PicesDataBaseServerPrompter.h">
      <Filter>Header Files</Filter>
    </ClInclude>
    <ClInclude Include="PicesFeatureFileIO.h">
      <Filter>Header Files</Filter>
    </ClInclude>
    <ClInclude Include="PicesFeatureVector.h">
      <Filter>Header Files</Filter>
    </ClInclude>
    <ClInclude Include="PicesFeatureVectorList.h">
      <Filter>Header Files</Filter>
    </ClInclude>
    <ClInclude Include="PicesGoalKeeper.h">
      <Filter>Header Files</Filter>
    </ClInclude>
    <ClInclude Include="PicesGPSDataPoint.h">
      <Filter>Header Files</Filter>
    </ClInclude>
    <ClInclude Include="PicesImageSizeDistribution.h">
      <Filter>Header Files</Filter>
    </ClInclude>
    <ClInclude Include="PicesInstrumentData.h">
      <Filter>Header Files</Filter>
    </ClInclude>
    <ClInclude Include="PicesInstrumentDataFileManager.h">
      <Filter>Header Files</Filter>
    </ClInclude>
    <ClInclude Include="PicesInterface.h">
      <Filter>Header Files</Filter>
    </ClInclude>
    <ClInclude Include="PicesKKStr.h">
      <Filter>Header Files</Filter>
    </ClInclude>
    <ClInclude Include="PicesMethods.h">
      <Filter>Header Files</Filter>
    </ClInclude>
    <ClInclude Include="PicesMsgQueue.h">
      <Filter>Header Files</Filter>
    </ClInclude>
    <ClInclude Include="PicesPoint.h">
      <Filter>Header Files</Filter>
    </ClInclude>
    <ClInclude Include="PicesPrediction.h">
      <Filter>Header Files</Filter>
    </ClInclude>
    <ClInclude Include="PicesPredictionList.h">
      <Filter>Header Files</Filter>
    </ClInclude>
    <ClInclude Include="PicesRaster.h">
      <Filter>Header Files</Filter>
    </ClInclude>
    <ClInclude Include="PicesRunLog.h">
      <Filter>Header Files</Filter>
    </ClInclude>
    <ClInclude Include="PicesSipperCruise.h">
      <Filter>Header Files</Filter>
    </ClInclude>
    <ClInclude Include="PicesSipperDeployment.h">
      <Filter>Header Files</Filter>
    </ClInclude>
    <ClInclude Include="PicesSipperFile.h">
      <Filter>Header Files</Filter>
    </ClInclude>
    <ClInclude Include="PicesSipperStation.h">
      <Filter>Header Files</Filter>
    </ClInclude>
    <ClInclude Include="PicesSipperVariables.h">
      <Filter>Header Files</Filter>
    </ClInclude>
    <ClInclude Include="PicesTrainingClass.h">
      <Filter>Header Files</Filter>
    </ClInclude>
    <ClInclude Include="PicesTrainingConfiguration.h">
      <Filter>Header Files</Filter>
    </ClInclude>
    <ClInclude Include="PicesVolumeSampledStat.h">
      <Filter>Header Files</Filter>
    </ClInclude>
    <ClInclude Include="resource.h">
      <Filter>Header Files</Filter>
    </ClInclude>
    <ClInclude Include="Stdafx.h">
      <Filter>Header Files</Filter>
    </ClInclude>
    <ClInclude Include="TrainingModel2.h">
      <Filter>Header Files</Filter>
    </ClInclude>
  </ItemGroup>
  <ItemGroup>
    <Image Include="app.ico">
      <Filter>Resource Files</Filter>
    </Image>
  </ItemGroup>
  <ItemGroup>
    <ResourceCompile Include="app.rc">
      <Filter>Resource Files</Filter>
    </ResourceCompile>
  </ItemGroup>
  <ItemGroup>
    <Text Include="ReadMe.txt" />
  </ItemGroup>
  <ItemGroup>
    <EmbeddedResource Include="FeatureFileNamePrompter.resx">
      <Filter>Resource Files</Filter>
    </EmbeddedResource>
    <EmbeddedResource Include="PicesDataBaseServerPrompter.resx">
      <Filter>Resource Files</Filter>
    </EmbeddedResource>
  </ItemGroup>
</Project>