<?xml version="1.0" encoding="utf-8"?>
<Project ToolsVersion="4.0" xmlns="http://schemas.microsoft.com/developer/msbuild/2003">
  <ItemGroup>
    <Filter Include="Source Files">
      <UniqueIdentifier>{4FC737F1-C7A5-4376-A066-2A32D752A2FF}</UniqueIdentifier>
      <Extensions>cpp;c;cc;cxx;def;odl;idl;hpj;bat;asm;asmx</Extensions>
    </Filter>
    <Filter Include="Header Files">
      <UniqueIdentifier>{93995380-89BD-4b04-88EB-625FBE52EBFB}</UniqueIdentifier>
      <Extensions>h;hpp;hxx;hm;inl;inc;xsd</Extensions>
    </Filter>
    <Filter Include="Resource Files">
      <UniqueIdentifier>{67DA6AB6-F800-4c08-8B7A-83BB121AAD01}</UniqueIdentifier>
      <Extensions>rc;ico;cur;bmp;dlg;rc2;rct;bin;rgs;gif;jpg;jpeg;jpe;resx;tiff;tif;png;wav</Extensions>
    </Filter>
  </ItemGroup>
  <ItemGroup>
    <ClCompile Include="DataBaseUpdateThread.cpp">
      <Filter>Source Files</Filter>
    </ClCompile>
    <ClCompile Include="ExtractedImage.cpp">
      <Filter>Source Files</Filter>
    </ClCompile>
    <ClCompile Include="ExtractionManager.cpp">
      <Filter>Source Files</Filter>
    </ClCompile>
    <ClCompile Include="ExtractionManagerStats.cpp">
      <Filter>Source Files</Filter>
    </ClCompile>
    <ClCompile Include="ExtractionParms.cpp">
      <Filter>Source Files</Filter>
    </ClCompile>
    <ClCompile Include="FrameExtractorThread.cpp">
      <Filter>Source Files</Filter>
    </ClCompile>
    <ClCompile Include="FrameProcessorThread.cpp">
      <Filter>Source Files</Filter>
    </ClCompile>
    <ClCompile Include="ImageExtractionThread.cpp">
      <Filter>Source Files</Filter>
    </ClCompile>
    <ClCompile Include="LogicalFrame.cpp">
      <Filter>Source Files</Filter>
    </ClCompile>
    <ClCompile Include="LogicalFrameBlob.cpp">
      <Filter>Source Files</Filter>
    </ClCompile>
    <ClCompile Include="LogicalFrameQueue.cpp">
      <Filter>Source Files</Filter>
    </ClCompile>
    <ClCompile Include="SipperImage.cpp">
      <Filter>Source Files</Filter>
    </ClCompile>
  </ItemGroup>
  <ItemGroup>
    <ClInclude Include="DataBaseUpdateThread.h">
      <Filter>Header Files</Filter>
    </ClInclude>
    <ClInclude Include="ExtractedImage.h">
      <Filter>Header Files</Filter>
    </ClInclude>
    <ClInclude Include="ExtractionManager.h">
      <Filter>Header Files</Filter>
    </ClInclude>
    <ClInclude Include="ExtractionManagerStats.h">
      <Filter>Header Files</Filter>
    </ClInclude>
    <ClInclude Include="ExtractionParms.h">
      <Filter>Header Files</Filter>
    </ClInclude>
    <ClInclude Include="FrameExtractorThread.h">
      <Filter>Header Files</Filter>
    </ClInclude>
    <ClInclude Include="FrameProcessorThread.h">
      <Filter>Header Files</Filter>
    </ClInclude>
    <ClInclude Include="ImageExtractionThread.h">
      <Filter>Header Files</Filter>
    </ClInclude>
    <ClInclude Include="LogicalFrame.h">
      <Filter>Header Files</Filter>
    </ClInclude>
    <ClInclude Include="LogicalFrameBlob.h">
      <Filter>Header Files</Filter>
    </ClInclude>
    <ClInclude Include="LogicalFrameQueue.h">
      <Filter>Header Files</Filter>
    </ClInclude>
    <ClInclude Include="PreDefinedClasses.h">
      <Filter>Header Files</Filter>
    </ClInclude>
    <ClInclude Include="SipperImage.h">
      <Filter>Header Files</Filter>
    </ClInclude>
  </ItemGroup>
  <ItemGroup>
    <Text Include="ReadMe.txt" />
  </ItemGroup>
</Project>